{
  "version": "5",
  "specifiers": {
    "npm:@commitlint/cli@21.2.1": "21.2.1_@types+node@26.1.1_typescript@6.0.3",
    "npm:@commitlint/config-conventional@21.2.0": "21.2.0",
    "npm:@devcontainers/cli@0.87.0": "0.87.0",
    "npm:cspell@8.19.4": "8.19.4",
    "npm:typescript@6.0.3": "6.0.3",
    "npm:yaml@2.9.0": "2.9.0"
  },
  "npm": {
    "@babel/code-frame@7.29.7": {
      "integrity": "sha512-Aup7aUOfpbAUg2ROOJN6Iw5f9DMBlzu0mIkm/malLQFN/YQgO48wCj0Kxa3sEHJvPVFg7siR+qRInwXd2qhQKw==",
      "dependencies": [
        "@babel/helper-validator-identifier",
        "js-tokens",
        "picocolors"
      ]
    },
    "@babel/helper-validator-identifier@7.29.7": {
      "integrity": "sha512-qehxGkRj55h/ff8EMaJ+cYhyaKlHIxqYDn682wQD7RNp9UujOQsHog2uS0r2vzr4pW+sXf90NeeayjcNaX3fFg=="
    },
    "@commitlint/cli@21.2.1_@types+node@26.1.1_typescript@6.0.3": {
      "integrity": "sha512-blsZGe29hJ72VGEFVl72IVYX+1vsfINpjA9yWQA6i7OKD/McGEOXg08sKIRKjFk4JvzhV/9n0l3i6NooPLTNfg==",
      "dependencies": [
        "@commitlint/config-conventional",
        "@commitlint/format",
        "@commitlint/lint",
        "@commitlint/load",
        "@commitlint/read",
        "@commitlint/types",
        "tinyexec",
        "yargs"
      ],
      "bin": true
    },
    "@commitlint/config-conventional@21.2.0": {
      "integrity": "sha512-Qf8WRDVcyVd14if6VTWenebxFbKnVnbzPUJjlzjkyJGeHK2xCGd63Dr1XZzj0plXKQb9P0BfOxoc1HVeCo2BWQ==",
      "dependencies": [
        "@commitlint/types",
        "conventional-changelog-conventionalcommits"
      ]
    },
    "@commitlint/config-validator@21.2.0": {
      "integrity": "sha512-t7AzNHAKeIdo/3NRGwzpufKHsKkPHmFs/56N2Fnsh0/r0rGtnQzTxk6vnFgjaGr4hdSQKNB50/KAhR9Yk4LJKA==",
      "dependencies": [
        "@commitlint/types",
        "ajv"
      ]
    },
    "@commitlint/ensure@21.2.0": {
      "integrity": "sha512-76IF9vDNS13lAzEEik9eKwzt8f9hYhWiwVXZ2AnyLCz5/f511FsEQ3pw1X3/zSQpdRLQU7i5qDMVKyXi1GWjSg==",
      "dependencies": [
        "@commitlint/types",
        "es-toolkit"
      ]
    },
    "@commitlint/execute-rule@21.0.1": {
      "integrity": "sha512-RifH+FmImozKBE6mozhF4K3r2RRKP7SMi/Q/zLCmExtp5e05lhHOUYqGBlFBAGNHaZxU/WYw1XuugYK9jQzqnA=="
    },
    "@commitlint/format@21.2.0": {
      "integrity": "sha512-c4q64xaav2U83t7k7RyzJerBZurPer7FxUOY0RL5L/6CZijZ7K+s6HIBGIghj0ey1P2+seRX0J9XQYtDued6tg==",
      "dependencies": [
        "@commitlint/types",
        "picocolors"
      ]
    },
    "@commitlint/is-ignored@21.2.0": {
      "integrity": "sha512-4/eB0vBN7L88O/oC4ajAEqi7j2ZfNgxl/+11RfAV9YosejZgDXhY2C9VcHnHJhOzPLoSy5P3Mg/46kqeyJfXKw==",
      "dependencies": [
        "@commitlint/types",
        "semver"
      ]
    },
    "@commitlint/lint@21.2.0": {
      "integrity": "sha512-ceO5dp9pLjEZ6y6qbq/uXWXDPykqqlTsyzoQ0NzecpisSJhK3kTy9qzQoPeJuWG/IMNdV1lO0RgmzqoAlSi1uw==",
      "dependencies": [
        "@commitlint/is-ignored",
        "@commitlint/parse",
        "@commitlint/rules",
        "@commitlint/types"
      ]
    },
    "@commitlint/load@21.2.0_@types+node@26.1.1_typescript@6.0.3": {
      "integrity": "sha512-RjlzWQqruRwIenJEfZtq7kG97co97nKoHpflE5YnF61tDLXxHPrdWImgzw6VL6MlFyaOcVlk74eBV8ZQmc3oIA==",
      "dependencies": [
        "@commitlint/config-validator",
        "@commitlint/execute-rule",
        "@commitlint/resolve-extends",
        "@commitlint/types",
        "cosmiconfig",
        "cosmiconfig-typescript-loader",
        "es-toolkit",
        "is-plain-obj",
        "picocolors"
      ]
    },
    "@commitlint/message@21.2.0": {
      "integrity": "sha512-YxGoiXD/HXNXLJPrQwE5poXa+XH0CBEm+mdvbHQP0g6MV/dmJyUFCzPNzZbxL93GvZ70TmtTK0Z0/IBpAqHv8g=="
    },
    "@commitlint/parse@21.2.0": {
      "integrity": "sha512-QHWxG4d0PLTF634/AdyZ0MQS+CLn5YOuJlCFhMMlSGKFxzYGUetkHBj18xgBD+6fVzUrA2lrCdi/vlS2f/oYXg==",
      "dependencies": [
        "@commitlint/types",
        "conventional-changelog-angular",
        "conventional-commits-parser"
      ]
    },
    "@commitlint/read@21.2.1": {
      "integrity": "sha512-hUW7EJQnNTL0vPOmVMNK4CrnrNBN0nN+JJHReFkdHO5y4iyHeEmTBwuC15OCqUTjxWo7idnH1LftfpWVIaPWIA==",
      "dependencies": [
        "@commitlint/top-level",
        "@commitlint/types",
        "@conventional-changelog/git-client",
        "tinyexec"
      ]
    },
    "@commitlint/resolve-extends@21.2.0": {
      "integrity": "sha512-4O/1j51+79Wth9s/MGxt/5gs0XYLDgNlYpltQfhAvLE0itusLKs9zruxbiNg1oOkmkb9L9L4USYGjEj7n87NxA==",
      "dependencies": [
        "@commitlint/config-validator",
        "@commitlint/types",
        "es-toolkit",
        "global-directory@5.0.0",
        "resolve-from@5.0.0"
      ]
    },
    "@commitlint/rules@21.2.0": {
      "integrity": "sha512-C2yXMNpiB8ETZKfx5JD8+ExgF8vTU1VQMKPSUUYwqKpw9oJWQBrlXBpdU038mj2WPjof7o9UzFpmTyBeGMZwZg==",
      "dependencies": [
        "@commitlint/ensure",
        "@commitlint/message",
        "@commitlint/to-lines",
        "@commitlint/types"
      ]
    },
    "@commitlint/to-lines@21.0.1": {
      "integrity": "sha512-bd1BFII7p1EQZre9Kaj+kKaMFP3cFCdt21K7DItVux9XP5WjLgJ0/Uy1pJJh9aPwVJ6SKg62PxqlZaHI8hQAXw=="
    },
    "@commitlint/top-level@21.2.0": {
      "integrity": "sha512-Y5gmQ+KxzqCrBFJfLvFEPvvwD3LDiNZoTT2yeFBm96M8qhmqSzQc5DvX3rheAaAMjyIvMXOCLS/mWfdpONsjyQ==",
      "dependencies": [
        "escalade"
      ]
    },
    "@commitlint/types@21.2.0": {
      "integrity": "sha512-7zVFCDB2reMvJH5dmbKnOQPjZEvjdJTH8jc0U/PIPU1r3/+vf5pD1HlfitV2MWsWXrvu7u39iY1lyLUPOaN0Gw==",
      "dependencies": [
        "conventional-commits-parser",
        "picocolors"
      ]
    },
    "@conventional-changelog/git-client@3.1.0": {
      "integrity": "sha512-Tqa/gHco2WJWa740NRjOrfKVvzIqxkZpecb8bemaQ8sKM5PXb1UK4uTyTb/1wIqNuOVaDOFxyBdhTIQZn6gdjQ==",
      "dependencies": [
        "@simple-libs/child-process-utils",
        "@simple-libs/stream-utils",
        "semver"
      ]
    },
    "@conventional-changelog/template@1.2.1": {
      "integrity": "sha512-TzlTVpKPjaqW6qOYjQcYUDuGsLCNsvFHVBXkYGTAnf5V37jCWrE5haKNXzz0WZUtVHjrpV76L1buANjwXMfT8w=="
    },
    "@cspell/cspell-bundled-dicts@8.19.4": {
      "integrity": "sha512-2ZRcZP/ncJ5q953o8i+R0fb8+14PDt5UefUNMrFZZHvfTI0jukAASOQeLY+WT6ASZv6CgbPrApAdbppy9FaXYQ==",
      "dependencies": [
        "@cspell/dict-ada",
        "@cspell/dict-al",
        "@cspell/dict-aws",
        "@cspell/dict-bash",
        "@cspell/dict-companies",
        "@cspell/dict-cpp",
        "@cspell/dict-cryptocurrencies",
        "@cspell/dict-csharp",
        "@cspell/dict-css",
        "@cspell/dict-dart",
        "@cspell/dict-data-science",
        "@cspell/dict-django",
        "@cspell/dict-docker",
        "@cspell/dict-dotnet",
        "@cspell/dict-elixir",
        "@cspell/dict-en-common-misspellings",
        "@cspell/dict-en-gb",
        "@cspell/dict-en_us",
        "@cspell/dict-filetypes",
        "@cspell/dict-flutter",
        "@cspell/dict-fonts",
        "@cspell/dict-fsharp",
        "@cspell/dict-fullstack",
        "@cspell/dict-gaming-terms",
        "@cspell/dict-git",
        "@cspell/dict-golang",
        "@cspell/dict-google",
        "@cspell/dict-haskell",
        "@cspell/dict-html",
        "@cspell/dict-html-symbol-entities",
        "@cspell/dict-java",
        "@cspell/dict-julia",
        "@cspell/dict-k8s",
        "@cspell/dict-kotlin",
        "@cspell/dict-latex",
        "@cspell/dict-lorem-ipsum",
        "@cspell/dict-lua",
        "@cspell/dict-makefile",
        "@cspell/dict-markdown",
        "@cspell/dict-monkeyc",
        "@cspell/dict-node",
        "@cspell/dict-npm",
        "@cspell/dict-php",
        "@cspell/dict-powershell",
        "@cspell/dict-public-licenses",
        "@cspell/dict-python",
        "@cspell/dict-r",
        "@cspell/dict-ruby",
        "@cspell/dict-rust",
        "@cspell/dict-scala",
        "@cspell/dict-shell",
        "@cspell/dict-software-terms",
        "@cspell/dict-sql",
        "@cspell/dict-svelte",
        "@cspell/dict-swift",
        "@cspell/dict-terraform",
        "@cspell/dict-typescript",
        "@cspell/dict-vue"
      ]
    },
    "@cspell/cspell-json-reporter@8.19.4": {
      "integrity": "sha512-pOlUtLUmuDdTIOhDTvWxxta0Wm8RCD/p1V0qUqeP6/Ups1ajBI4FWEpRFd7yMBTUHeGeSNicJX5XeX7wNbAbLQ==",
      "dependencies": [
        "@cspell/cspell-types"
      ]
    },
    "@cspell/cspell-pipe@8.19.4": {
      "integrity": "sha512-GNAyk+7ZLEcL2fCMT5KKZprcdsq3L1eYy3e38/tIeXfbZS7Sd1R5FXUe6CHXphVWTItV39TvtLiDwN/2jBts9A=="
    },
    "@cspell/cspell-resolver@8.19.4": {
      "integrity": "sha512-S8vJMYlsx0S1D60glX8H2Jbj4mD8519VjyY8lu3fnhjxfsl2bDFZvF3ZHKsLEhBE+Wh87uLqJDUJQiYmevHjDg==",
      "dependencies": [
        "global-directory@4.0.1"
      ]
    },
    "@cspell/cspell-service-bus@8.19.4": {
      "integrity": "sha512-uhY+v8z5JiUogizXW2Ft/gQf3eWrh5P9036jN2Dm0UiwEopG/PLshHcDjRDUiPdlihvA0RovrF0wDh4ptcrjuQ=="
    },
    "@cspell/cspell-types@8.19.4": {
      "integrity": "sha512-ekMWuNlFiVGfsKhfj4nmc8JCA+1ZltwJgxiKgDuwYtR09ie340RfXFF6YRd2VTW5zN7l4F1PfaAaPklVz6utSg=="
    },
    "@cspell/dict-ada@4.1.1": {
      "integrity": "sha512-E+0YW9RhZod/9Qy2gxfNZiHJjCYFlCdI69br1eviQQWB8yOTJX0JHXLs79kOYhSW0kINPVUdvddEBe6Lu6CjGQ=="
    },
    "@cspell/dict-al@1.1.1": {
      "integrity": "sha512-sD8GCaZetgQL4+MaJLXqbzWcRjfKVp8x+px3HuCaaiATAAtvjwUQ5/Iubiqwfd1boIh2Y1/3EgM3TLQ7Q8e0wQ=="
    },
    "@cspell/dict-aws@4.0.17": {
      "integrity": "sha512-ORcblTWcdlGjIbWrgKF+8CNEBQiLVKdUOFoTn0KPNkAYnFcdPP0muT4892h7H4Xafh3j72wqB4/loQ6Nti9E/w=="
    },
    "@cspell/dict-bash@4.2.2": {
      "integrity": "sha512-kyWbwtX3TsCf5l49gGQIZkRLaB/P8g73GDRm41Zu8Mv51kjl2H7Au0TsEvHv7jzcsRLS6aUYaZv6Zsvk1fOz+Q==",
      "dependencies": [
        "@cspell/dict-shell"
      ]
    },
    "@cspell/dict-companies@3.2.11": {
      "integrity": "sha512-0cmafbcz2pTHXLd59eLR1gvDvN6aWAOM0+cIL4LLF9GX9yB2iKDNrKsvs4tJRqutoaTdwNFBbV0FYv+6iCtebQ=="
    },
    "@cspell/dict-cpp@6.0.15": {
      "integrity": "sha512-N7MKK3llRNoBncygvrnLaGvmjo4xzVr5FbtAc9+MFGHK6/LeSySBupr1FM72XDaVSIsmBEe7sDYCHHwlI9Jb2w=="
    },
    "@cspell/dict-cryptocurrencies@5.0.5": {
      "integrity": "sha512-R68hYYF/rtlE6T/dsObStzN5QZw+0aQBinAXuWCVqwdS7YZo0X33vGMfChkHaiCo3Z2+bkegqHlqxZF4TD3rUA=="
    },
    "@cspell/dict-csharp@4.0.8": {
      "integrity": "sha512-qmk45pKFHSxckl5mSlbHxmDitSsGMlk/XzFgt7emeTJWLNSTUK//MbYAkBNRtfzB4uD7pAFiKgpKgtJrTMRnrQ=="
    },
    "@cspell/dict-css@4.1.1": {
      "integrity": "sha512-y/Vgo6qY08e1t9OqR56qjoFLBCpi4QfWMf2qzD1l9omRZwvSMQGRPz4x0bxkkkU4oocMAeztjzCsmLew//c/8w=="
    },
    "@cspell/dict-dart@2.3.2": {
      "integrity": "sha512-sUiLW56t9gfZcu8iR/5EUg+KYyRD83Cjl3yjDEA2ApVuJvK1HhX+vn4e4k4YfjpUQMag8XO2AaRhARE09+/rqw=="
    },
    "@cspell/dict-data-science@2.0.13": {
      "integrity": "sha512-l1HMEhBJkPmw4I2YGVu2eBSKM89K9pVF+N6qIr5Uo5H3O979jVodtuwP8I7LyPrJnC6nz28oxeGRCLh9xC5CVA=="
    },
    "@cspell/dict-django@4.1.6": {
      "integrity": "sha512-SdbSFDGy9ulETqNz15oWv2+kpWLlk8DJYd573xhIkeRdcXOjskRuxjSZPKfW7O3NxN/KEf3gm3IevVOiNuFS+w=="
    },
    "@cspell/dict-docker@1.1.17": {
      "integrity": "sha512-OcnVTIpHIYYKhztNTyK8ShAnXTfnqs43hVH6p0py0wlcwRIXe5uj4f12n7zPf2CeBI7JAlPjEsV0Rlf4hbz/xQ=="
    },
    "@cspell/dict-dotnet@5.0.13": {
      "integrity": "sha512-xPp7jMnFpOri7tzmqmm/dXMolXz1t2bhNqxYkOyMqXhvs08oc7BFs+EsbDY0X7hqiISgeFZGNqn0dOCr+ncPYw=="
    },
    "@cspell/dict-elixir@4.0.8": {
      "integrity": "sha512-CyfphrbMyl4Ms55Vzuj+mNmd693HjBFr9hvU+B2YbFEZprE5AG+EXLYTMRWrXbpds4AuZcvN3deM2XVB80BN/Q=="
    },
    "@cspell/dict-en-common-misspellings@2.1.12": {
      "integrity": "sha512-14Eu6QGqyksqOd4fYPuRb58lK1Va7FQK9XxFsRKnZU8LhL3N+kj7YKDW+7aIaAN/0WGEqslGP6lGbQzNti8Akw=="
    },
    "@cspell/dict-en-gb@1.1.33": {
      "integrity": "sha512-tKSSUf9BJEV+GJQAYGw5e+ouhEe2ZXE620S7BLKe3ZmpnjlNG9JqlnaBhkIMxKnNFkLY2BP/EARzw31AZnOv4g=="
    },
    "@cspell/dict-en_us@4.4.33": {
      "integrity": "sha512-zWftVqfUStDA37wO1ZNDN1qMJOfcxELa8ucHW8W8wBAZY3TK5Nb6deLogCK/IJi/Qljf30dwwuqqv84Qqle9Tw=="
    },
    "@cspell/dict-filetypes@3.0.18": {
      "integrity": "sha512-yU7RKD/x1IWmDLzWeiItMwgV+6bUcU/af23uS0+uGiFUbsY1qWV/D4rxlAAO6Z7no3J2z8aZOkYIOvUrJq0Rcw=="
    },
    "@cspell/dict-flutter@1.1.1": {
      "integrity": "sha512-UlOzRcH2tNbFhZmHJN48Za/2/MEdRHl2BMkCWZBYs+30b91mWvBfzaN4IJQU7dUZtowKayVIF9FzvLZtZokc5A=="
    },
    "@cspell/dict-fonts@4.0.6": {
      "integrity": "sha512-aR/0csY01dNb0A1tw/UmN9rKgHruUxsYsvXu6YlSBJFu60s26SKr/k1o4LavpHTQ+lznlYMqAvuxGkE4Flliqw=="
    },
    "@cspell/dict-fsharp@1.1.1": {
      "integrity": "sha512-imhs0u87wEA4/cYjgzS0tAyaJpwG7vwtC8UyMFbwpmtw+/bgss+osNfyqhYRyS/ehVCWL17Ewx2UPkexjKyaBA=="
    },
    "@cspell/dict-fullstack@3.2.9": {
      "integrity": "sha512-diZX+usW5aZ4/b2T0QM/H/Wl9aNMbdODa1Jq0ReBr/jazmNeWjd+PyqeVgzd1joEaHY+SAnjrf/i9CwKd2ZtWQ=="
    },
    "@cspell/dict-gaming-terms@1.1.2": {
      "integrity": "sha512-9XnOvaoTBscq0xuD6KTEIkk9hhdfBkkvJAIsvw3JMcnp1214OCGW8+kako5RqQ2vTZR3Tnf3pc57o7VgkM0q1Q=="
    },
    "@cspell/dict-git@3.1.0": {
      "integrity": "sha512-KEt9zGkxqGy2q1nwH4CbyqTSv5nadpn8BAlDnzlRcnL0Xb3LX9xTgSGShKvzb0bw35lHoYyLWN2ZKAqbC4pgGQ=="
    },
    "@cspell/dict-golang@6.0.26": {
      "integrity": "sha512-YKA7Xm5KeOd14v5SQ4ll6afe9VSy3a2DWM7L9uBq4u3lXToRBQ1W5PRa+/Q9udd+DTURyVVnQ+7b9cnOlNxaRg=="
    },
    "@cspell/dict-google@1.0.9": {
      "integrity": "sha512-biL65POqialY0i4g6crj7pR6JnBkbsPovB2WDYkj3H4TuC/QXv7Pu5pdPxeUJA6TSCHI7T5twsO4VSVyRxD9CA=="
    },
    "@cspell/dict-haskell@4.0.6": {
      "integrity": "sha512-ib8SA5qgftExpYNjWhpYIgvDsZ/0wvKKxSP+kuSkkak520iPvTJumEpIE+qPcmJQo4NzdKMN8nEfaeci4OcFAQ=="
    },
    "@cspell/dict-html-symbol-entities@4.0.5": {
      "integrity": "sha512-429alTD4cE0FIwpMucvSN35Ld87HCyuM8mF731KU5Rm4Je2SG6hmVx7nkBsLyrmH3sQukTcr1GaiZsiEg8svPA=="
    },
    "@cspell/dict-html@4.0.15": {
      "integrity": "sha512-GJYnYKoD9fmo2OI0aySEGZOjThnx3upSUvV7mmqUu8oG+mGgzqm82P/f7OqsuvTaInZZwZbo+PwJQd/yHcyFIw=="
    },
    "@cspell/dict-java@5.0.12": {
      "integrity": "sha512-qPSNhTcl7LGJ5Qp6VN71H8zqvRQK04S08T67knMq9hTA8U7G1sTKzLmBaDOFhq17vNX/+rT+rbRYp+B5Nwza1A=="
    },
    "@cspell/dict-julia@1.1.1": {
      "integrity": "sha512-WylJR9TQ2cgwd5BWEOfdO3zvDB+L7kYFm0I9u0s9jKHWQ6yKmfKeMjU9oXxTBxIufhCXm92SKwwVNAC7gjv+yA=="
    },
    "@cspell/dict-k8s@1.0.12": {
      "integrity": "sha512-2LcllTWgaTfYC7DmkMPOn9GsBWsA4DZdlun4po8s2ysTP7CPEnZc1ZfK6pZ2eI4TsZemlUQQ+NZxMe9/QutQxg=="
    },
    "@cspell/dict-kotlin@1.1.1": {
      "integrity": "sha512-J3NzzfgmxRvEeOe3qUXnSJQCd38i/dpF9/t3quuWh6gXM+krsAXP75dY1CzDmS8mrJAlBdVBeAW5eAZTD8g86Q=="
    },
    "@cspell/dict-latex@4.0.4": {
      "integrity": "sha512-YdTQhnTINEEm/LZgTzr9Voz4mzdOXH7YX+bSFs3hnkUHCUUtX/mhKgf1CFvZ0YNM2afjhQcmLaR9bDQVyYBvpA=="
    },
    "@cspell/dict-lorem-ipsum@4.0.5": {
      "integrity": "sha512-9a4TJYRcPWPBKkQAJ/whCu4uCAEgv/O2xAaZEI0n4y1/l18Yyx8pBKoIX5QuVXjjmKEkK7hi5SxyIsH7pFEK9Q=="
    },
    "@cspell/dict-lua@4.0.8": {
      "integrity": "sha512-N4PkgNDMu9JVsRu7JBS/3E/dvfItRgk9w5ga2dKq+JupP2Y3lojNaAVFhXISh4Y0a6qXDn2clA6nvnavQ/jjLA=="
    },
    "@cspell/dict-makefile@1.0.5": {
      "integrity": "sha512-4vrVt7bGiK8Rx98tfRbYo42Xo2IstJkAF4tLLDMNQLkQ86msDlYSKG1ZCk8Abg+EdNcFAjNhXIiNO+w4KflGAQ=="
    },
    "@cspell/dict-markdown@2.0.16_@cspell+dict-css@4.1.1_@cspell+dict-html@4.0.15_@cspell+dict-html-symbol-entities@4.0.5_@cspell+dict-typescript@3.2.3": {
      "integrity": "sha512-976RRqKv6cwhrxdFCQP2DdnBVB86BF57oQtPHy4Zbf4jF/i2Oy29MCrxirnOBalS1W6KQeto7NdfDXRAwkK4PQ==",
      "dependencies": [
        "@cspell/dict-css",
        "@cspell/dict-html",
        "@cspell/dict-html-symbol-entities",
        "@cspell/dict-typescript"
      ]
    },
    "@cspell/dict-monkeyc@1.0.12": {
      "integrity": "sha512-MN7Vs11TdP5mbdNFQP5x2Ac8zOBm97ARg6zM5Sb53YQt/eMvXOMvrep7+/+8NJXs0jkp70bBzjqU4APcqBFNAw=="
    },
    "@cspell/dict-node@5.0.9": {
      "integrity": "sha512-hO+ga+uYZ/WA4OtiMEyKt5rDUlUyu3nXMf8KVEeqq2msYvAPdldKBGH7lGONg6R/rPhv53Rb+0Y1SLdoK1+7wQ=="
    },
    "@cspell/dict-npm@5.2.38": {
      "integrity": "sha512-21ucGRPYYhr91C2cDBoMPTrcIOStQv33xOqJB0JLoC5LAs2Sfj9EoPGhGb+gIFVHz6Ia7JQWE2SJsOVFJD1wmg=="
    },
    "@cspell/dict-php@4.1.1": {
      "integrity": "sha512-EXelI+4AftmdIGtA8HL8kr4WlUE11OqCSVlnIgZekmTkEGSZdYnkFdiJ5IANSALtlQ1mghKjz+OFqVs6yowgWA=="
    },
    "@cspell/dict-powershell@5.0.15": {
      "integrity": "sha512-l4S5PAcvCFcVDMJShrYD0X6Huv9dcsQPlsVsBGbH38wvuN7gS7+GxZFAjTNxDmTY1wrNi1cCatSg6Pu2BW4rgg=="
    },
    "@cspell/dict-public-licenses@2.0.16": {
      "integrity": "sha512-EQRrPvEOmwhwWezV+W7LjXbIBjiy6y/shrET6Qcpnk3XANTzfvWflf9PnJ5kId/oKWvihFy0za0AV1JHd03pSQ=="
    },
    "@cspell/dict-python@4.2.26": {
      "integrity": "sha512-hbjN6BjlSgZOG2dA2DtvYNGBM5Aq0i0dHaZjMOI9K/9vRicVvKbcCiBSSrR3b+jwjhQL5ff7HwG5xFaaci0GQA==",
      "dependencies": [
        "@cspell/dict-data-science"
      ]
    },
    "@cspell/dict-r@2.1.1": {
      "integrity": "sha512-71Ka+yKfG4ZHEMEmDxc6+blFkeTTvgKbKAbwiwQAuKl3zpqs1Y0vUtwW2N4b3LgmSPhV3ODVY0y4m5ofqDuKMw=="
    },
    "@cspell/dict-ruby@5.1.1": {
      "integrity": "sha512-LHrp84oEV6q1ZxPPyj4z+FdKyq1XAKYPtmGptrd+uwHbrF/Ns5+fy6gtSi7pS+uc0zk3JdO9w/tPK+8N1/7WUA=="
    },
    "@cspell/dict-rust@4.1.2": {
      "integrity": "sha512-O1FHrumYcO+HZti3dHfBPUdnDFkI+nbYK3pxYmiM1sr+G0ebOd6qchmswS0Wsc6ZdEVNiPYJY/gZQR6jfW3uOg=="
    },
    "@cspell/dict-scala@5.0.9": {
      "integrity": "sha512-AjVcVAELgllybr1zk93CJ5wSUNu/Zb5kIubymR/GAYkMyBdYFCZ3Zbwn4Zz8GJlFFAbazABGOu0JPVbeY59vGg=="
    },
    "@cspell/dict-shell@1.1.2": {
      "integrity": "sha512-WqOUvnwcHK1X61wAfwyXq04cn7KYyskg90j4lLg3sGGKMW9Sq13hs91pqrjC44Q+lQLgCobrTkMDw9Wyl9nRFA=="
    },
    "@cspell/dict-software-terms@5.2.2": {
      "integrity": "sha512-0CaYd6TAsKtEoA7tNswm1iptEblTzEe3UG8beG2cpSTHk7afWIVMtJLgXDv0f/Li67Lf3Z1Jf3JeXR7GsJ2TRw=="
    },
    "@cspell/dict-sql@2.2.1": {
      "integrity": "sha512-qDHF8MpAYCf4pWU8NKbnVGzkoxMNrFqBHyG/dgrlic5EQiKANCLELYtGlX5auIMDLmTf1inA0eNtv74tyRJ/vg=="
    },
    "@cspell/dict-svelte@1.0.7": {
      "integrity": "sha512-hGZsGqP0WdzKkdpeVLBivRuSNzOTvN036EBmpOwxH+FTY2DuUH7ecW+cSaMwOgmq5JFSdTcbTNFlNC8HN8lhaQ=="
    },
    "@cspell/dict-swift@2.0.6": {
      "integrity": "sha512-PnpNbrIbex2aqU1kMgwEKvCzgbkHtj3dlFLPMqW1vSniop7YxaDTtvTUO4zA++ugYAEL+UK8vYrBwDPTjjvSnA=="
    },
    "@cspell/dict-terraform@1.1.3": {
      "integrity": "sha512-gr6wxCydwSFyyBKhBA2xkENXtVFToheqYYGFvlMZXWjviynXmh+NK/JTvTCk/VHk3+lzbO9EEQKee6VjrAUSbA=="
    },
    "@cspell/dict-typescript@3.2.3": {
      "integrity": "sha512-zXh1wYsNljQZfWWdSPYwQhpwiuW0KPW1dSd8idjMRvSD0aSvWWHoWlrMsmZeRl4qM4QCEAjua8+cjflm41cQBg=="
    },
    "@cspell/dict-vue@3.0.5": {
      "integrity": "sha512-Mqutb8jbM+kIcywuPQCCaK5qQHTdaByoEO2J9LKFy3sqAdiBogNkrplqUK0HyyRFgCfbJUgjz3N85iCMcWH0JA=="
    },
    "@cspell/dynamic-import@8.19.4": {
      "integrity": "sha512-0LLghC64+SiwQS20Sa0VfFUBPVia1rNyo0bYeIDoB34AA3qwguDBVJJkthkpmaP1R2JeR/VmxmJowuARc4ZUxA==",
      "dependencies": [
        "@cspell/url",
        "import-meta-resolve"
      ]
    },
    "@cspell/filetypes@8.19.4": {
      "integrity": "sha512-D9hOCMyfKtKjjqQJB8F80PWsjCZhVGCGUMiDoQpcta0e+Zl8vHgzwaC0Ai4QUGBhwYEawHGiWUd7Y05u/WXiNQ=="
    },
    "@cspell/strong-weak-map@8.19.4": {
      "integrity": "sha512-MUfFaYD8YqVe32SQaYLI24/bNzaoyhdBIFY5pVrvMo1ZCvMl8AlfI2OcBXvcGb5aS5z7sCNCJm11UuoYbLI1zw=="
    },
    "@cspell/url@8.19.4": {
      "integrity": "sha512-Pa474iBxS+lxsAL4XkETPGIq3EgMLCEb9agj3hAd2VGMTCApaiUvamR4b+uGXIPybN70piFxvzrfoxsG2uIP6A=="
    },
    "@devcontainers/cli@0.87.0": {
      "integrity": "sha512-OVwjI0LH6cYilo2MXrnqYALtCwKM0dsdphNsIguw0ESRBG8s1wPIjDbPiDO5taxPTe3cLshsQYVZY1UpKtFaJA==",
      "bin": true
    },
    "@simple-libs/child-process-utils@2.0.0": {
      "integrity": "sha512-dvNoRKLijXnD0XoJAz94pbNuB5GQgDr55UhpSPhffDkTT0Cmcqh9jSCOtwfT2d4H6MI9E7c4SgtMuJXZ6F3c6A==",
      "dependencies": [
        "@simple-libs/stream-utils"
      ]
    },
    "@simple-libs/stream-utils@2.0.0": {
      "integrity": "sha512-fCTuZK4QBa+39Oz9l4OGfJfz+GpwCp3AqO7Zch3to99xHPgstVsRFpeQ8LNd2o1Gv8raL2mCFwiaHh7bFSp5DQ=="
    },
    "@types/node@26.1.1": {
      "integrity": "sha512-nxAkRSVkN1Y0JC1W8ky/fTfkGsMmcrRsbx+3XoZE+rMOX71kLYTV7fLXpqud1GpbpP5TuffXFqfX7fH2GgZREw==",
      "dependencies": [
        "undici-types"
      ]
    },
    "ajv@8.20.0": {
      "integrity": "sha512-Thbli+OlOj+iMPYFBVBfJ3OmCAnaSyNn4M1vz9T6Gka5Jt9ba/HIR56joy65tY6kx/FCF5VXNB819Y7/GUrBGA==",
      "dependencies": [
        "fast-deep-equal",
        "fast-uri",
        "json-schema-traverse",
        "require-from-string"
      ]
    },
    "ansi-regex@6.2.2": {
      "integrity": "sha512-Bq3SmSpyFHaWjPk8If9yc6svM8c56dB5BAtW4Qbw5jHTwwXXcTLoRMkpDJp6VL0XzlWaCHTXrkFURMYmD0sLqg=="
    },
    "ansi-styles@6.2.3": {
      "integrity": "sha512-4Dj6M28JB+oAH8kFkTLUo+a2jwOFkuqb3yucU0CANcRRUbxS0cP0nZYCGjcc3BNXwRIsUVmDGgzawme7zvJHvg=="
    },
    "argparse@2.0.1": {
      "integrity": "sha512-8+9WqebbFzpX9OR+Wa6O29asIogeRMzcGtAINdpMHHyAg10f05aSFVBbcEqGf/PXw1EjAZ+q2/bEBg3DvurK3Q=="
    },
    "argue-cli@3.1.0": {
      "integrity": "sha512-DhBpBfXL4SS2uC0N922MMajKR3CdrTG0u2or1PNYgXMsrSzViJrbtvT0nCLlLGUI0plam/ZZCs7aAauHtW9thw=="
    },
    "array-timsort@1.0.3": {
      "integrity": "sha512-/+3GRL7dDAGEfM6TseQk/U+mi18TU2Ms9I3UlLdUMhz2hbvGNTKdj9xniwXfUqgYhHxRx0+8UnKkvlNwVU+cWQ=="
    },
    "callsites@3.1.0": {
      "integrity": "sha512-P8BjAsXvZS+VIDUI11hHCQEv74YT67YUi5JJFNWIqL235sBmjX4+qx9Muvls5ivyNENctx46xQLQ3aTuE7ssaQ=="
    },
    "chalk-template@1.1.2": {
      "integrity": "sha512-2bxTP2yUH7AJj/VAXfcA+4IcWGdQ87HwBANLt5XxGTeomo8yG0y95N1um9i5StvhT/Bl0/2cARA5v1PpPXUxUA==",
      "dependencies": [
        "chalk"
      ]
    },
    "chalk@5.6.2": {
      "integrity": "sha512-7NzBL0rN6fMUW+f7A6Io4h40qQlG+xGmtMxfbnH/K7TAtt8JQWVQK+6g0UXKMeVJoyV5EkkNsErQ8pVD3bLHbA=="
    },
    "clear-module@4.1.3": {
      "integrity": "sha512-XdLrg7BnbXKntyrbs2dNjDN9CVoTQ+WV0i7jT5/r9ahzAaSDSzC9e2OVZB/QVwbxBb1/1AeObzjlxsYk5HFvww==",
      "dependencies": [
        "parent-module@2.0.0",
        "resolve-from@5.0.0"
      ]
    },
    "cliui@9.0.1": {
      "integrity": "sha512-k7ndgKhwoQveBL+/1tqGJYNz097I7WOvwbmmU2AR5+magtbjPWQTS1C5vzGkBC8Ym8UWRzfKUzUUqFLypY4Q+w==",
      "dependencies": [
        "string-width",
        "strip-ansi",
        "wrap-ansi"
      ]
    },
    "commander@13.1.0": {
      "integrity": "sha512-/rFeCpNJQbhSZjGVwO9RFV3xPqbnERS8MmIQzCtD/zl6gpJuV/bMLuN92oG3F7d8oDEHHRrujSXNUr8fpjntKw=="
    },
    "comment-json@4.6.2": {
      "integrity": "sha512-R2rze/hDX30uul4NZoIZ76ImSJLFxn/1/ZxtKC1L77y2X1k+yYu1joKbAtMA2Fg3hZrTOiw0I5mwVMo0cf250w==",
      "dependencies": [
        "array-timsort",
        "esprima"
      ]
    },
    "conventional-changelog-angular@9.2.1": {
      "integrity": "sha512-oWSL6ZhnXbYraOFTK3PgRAQJ8fADDAEv5K6AdeyQPLvjFmhG8+ejL0jZZp/R7vTmGJaBvZEE+sE7dB4bCv7sAw==",
      "dependencies": [
        "@conventional-changelog/template"
      ]
    },
    "conventional-changelog-conventionalcommits@10.2.1": {
      "integrity": "sha512-n4Kr1HFMTf3iMbES0TMxKIcYtUUv4rKqyQQp2JwfOEfFCOfGT3Tq4mCyJ8S9/YPyWhydjfKrrvnyl+gCjA+mJQ==",
      "dependencies": [
        "@conventional-changelog/template"
      ]
    },
    "conventional-commits-parser@7.1.0": {
      "integrity": "sha512-DPp6hkUjvwIivxbkrTiLXeRswNv1A/4GFA2X6scXma0AMa9632V3TwxmrlkUIEtUktiM3Ln+RrSH2xlP3/jUTw==",
      "dependencies": [
        "@simple-libs/stream-utils",
        "argue-cli"
      ],
      "bin": true
    },
    "cosmiconfig-typescript-loader@6.3.0_@types+node@26.1.1_cosmiconfig@9.0.2__typescript@6.0.3_typescript@6.0.3": {
      "integrity": "sha512-Akr82WH1Wfqatyiqpj8HDkO2o2KmJRu1FhKfSNJP3K4IdXwHfEyL7MOb62i1AGQVLtIQM+iCE9CGOtrfhR+mmA==",
      "dependencies": [
        "@types/node",
        "cosmiconfig",
        "jiti",
        "typescript"
      ]
    },
    "cosmiconfig@9.0.2_typescript@6.0.3": {
      "integrity": "sha512-gtTZxTDau1wL7Y7zifc2dd8jHSK/k6BTx/2Xp/BpdlAdnlYWFVt7qhJqgwi7637yRwRQ3qL4ZidbB4I8tA5VOg==",
      "dependencies": [
        "env-paths@2.2.1",
        "import-fresh",
        "js-yaml",
        "parse-json",
        "typescript"
      ],
      "optionalPeers": [
        "typescript"
      ]
    },
    "cspell-config-lib@8.19.4": {
      "integrity": "sha512-LtFNZEWVrnpjiTNgEDsVN05UqhhJ1iA0HnTv4jsascPehlaUYVoyucgNbFeRs6UMaClJnqR0qT9lnPX+KO1OLg==",
      "dependencies": [
        "@cspell/cspell-types",
        "comment-json",
        "yaml"
      ]
    },
    "cspell-dictionary@8.19.4": {
      "integrity": "sha512-lr8uIm7Wub8ToRXO9f6f7in429P1Egm3I+Ps3ZGfWpwLTCUBnHvJdNF/kQqF7PL0Lw6acXcjVWFYT7l2Wdst2g==",
      "dependencies": [
        "@cspell/cspell-pipe",
        "@cspell/cspell-types",
        "cspell-trie-lib",
        "fast-equals"
      ]
    },
    "cspell-gitignore@8.19.4": {
      "integrity": "sha512-KrViypPilNUHWZkMV0SM8P9EQVIyH8HvUqFscI7+cyzWnlglvzqDdV4N5f+Ax5mK+IqR6rTEX8JZbCwIWWV7og==",
      "dependencies": [
        "@cspell/url",
        "cspell-glob",
        "cspell-io"
      ],
      "bin": true
    },
    "cspell-glob@8.19.4": {
      "integrity": "sha512-042uDU+RjAz882w+DXKuYxI2rrgVPfRQDYvIQvUrY1hexH4sHbne78+OMlFjjzOCEAgyjnm1ktWUCCmh08pQUw==",
      "dependencies": [
        "@cspell/url",
        "picomatch"
      ]
    },
    "cspell-grammar@8.19.4": {
      "integrity": "sha512-lzWgZYTu/L7DNOHjxuKf8H7DCXvraHMKxtFObf8bAzgT+aBmey5fW2LviXUkZ2Lb2R0qQY+TJ5VIGoEjNf55ow==",
      "dependencies": [
        "@cspell/cspell-pipe",
        "@cspell/cspell-types"
      ],
      "bin": true
    },
    "cspell-io@8.19.4": {
      "integrity": "sha512-W48egJqZ2saEhPWf5ftyighvm4mztxEOi45ILsKgFikXcWFs0H0/hLwqVFeDurgELSzprr12b6dXsr67dV8amg==",
      "dependencies": [
        "@cspell/cspell-service-bus",
        "@cspell/url"
      ]
    },
    "cspell-lib@8.19.4": {
      "integrity": "sha512-NwfdCCYtIBNQuZcoMlMmL3HSv2olXNErMi/aOTI9BBAjvCHjhgX5hbHySMZ0NFNynnN+Mlbu5kooJ5asZeB3KA==",
      "dependencies": [
        "@cspell/cspell-bundled-dicts",
        "@cspell/cspell-pipe",
        "@cspell/cspell-resolver",
        "@cspell/cspell-types",
        "@cspell/dynamic-import",
        "@cspell/filetypes",
        "@cspell/strong-weak-map",
        "@cspell/url",
        "clear-module",
        "comment-json",
        "cspell-config-lib",
        "cspell-dictionary",
        "cspell-glob",
        "cspell-grammar",
        "cspell-io",
        "cspell-trie-lib",
        "env-paths@3.0.0",
        "fast-equals",
        "gensequence",
        "import-fresh",
        "resolve-from@5.0.0",
        "vscode-languageserver-textdocument",
        "vscode-uri",
        "xdg-basedir"
      ]
    },
    "cspell-trie-lib@8.19.4": {
      "integrity": "sha512-yIPlmGSP3tT3j8Nmu+7CNpkPh/gBO2ovdnqNmZV+LNtQmVxqFd2fH7XvR1TKjQyctSH1ip0P5uIdJmzY1uhaYg==",
      "dependencies": [
        "@cspell/cspell-pipe",
        "@cspell/cspell-types",
        "gensequence"
      ]
    },
    "cspell@8.19.4": {
      "integrity": "sha512-toaLrLj3usWY0Bvdi661zMmpKW2DVLAG3tcwkAv4JBTisdIRn15kN/qZDrhSieUEhVgJgZJDH4UKRiq29mIFxA==",
      "dependencies": [
        "@cspell/cspell-json-reporter",
        "@cspell/cspell-pipe",
        "@cspell/cspell-types",
        "@cspell/dynamic-import",
        "@cspell/url",
        "chalk",
        "chalk-template",
        "commander",
        "cspell-dictionary",
        "cspell-gitignore",
        "cspell-glob",
        "cspell-io",
        "cspell-lib",
        "fast-json-stable-stringify",
        "file-entry-cache",
        "semver",
        "tinyglobby"
      ],
      "bin": true
    },
    "emoji-regex@10.6.0": {
      "integrity": "sha512-toUI84YS5YmxW219erniWD0CIVOo46xGKColeNQRgOzDorgBi1v4D71/OFzgD9GO2UGKIv1C3Sp8DAn0+j5w7A=="
    },
    "env-paths@2.2.1": {
      "integrity": "sha512-+h1lkLKhZMTYjog1VEpJNG7NZJWcuc2DDk/qsqSTRRCOXiLjeQ1d1/udrUGhqMxUgAlwKNZ0cf2uqan5GLuS2A=="
    },
    "env-paths@3.0.0": {
      "integrity": "sha512-dtJUTepzMW3Lm/NPxRf3wP4642UWhjL2sQxc+ym2YMj1m/H2zDNQOlezafzkHwn6sMstjHTwG6iQQsctDW/b1A=="
    },
    "error-ex@1.3.4": {
      "integrity": "sha512-sqQamAnR14VgCr1A618A3sGrygcpK+HEbenA/HiEAkkUwcZIIB/tgWqHFxWgOyDh4nB4JCRimh79dR5Ywc9MDQ==",
      "dependencies": [
        "is-arrayish"
      ]
    },
    "es-toolkit@1.49.0": {
      "integrity": "sha512-G5iZ6Pc/FNRY/soKZHC+TxGDD83rHUDXxzaWhGCX44vAv/tMs56WMusnm/KMNK+luUPsgA9U28cGr4RDlSzL2g=="
    },
    "escalade@3.2.0": {
      "integrity": "sha512-WUj2qlxaQtO4g6Pq5c29GTcWGDyd8itL8zTlipgECz3JesAiiOKotd8JU6otB3PACgG6xkJUyVhboMS+bje/jA=="
    },
    "esprima@4.0.1": {
      "integrity": "sha512-eGuFFw7Upda+g4p+QHvnW0RyTX/SVeJBDM/gCtMARO0cLuT2HcEKnTPvhjV6aGeqrCB/sbNop0Kszm0jsaWU4A==",
      "bin": true
    },
    "fast-deep-equal@3.1.3": {
      "integrity": "sha512-f3qQ9oQy9j2AhBe/H9VC91wLmKBCCU/gDOnKNAYG5hswO7BLKj09Hc5HYNz9cGI++xlpDCIgDaitVs03ATR84Q=="
    },
    "fast-equals@5.4.0": {
      "integrity": "sha512-jt2DW/aNFNwke7AUd+Z+e6pz39KO5rzdbbFCg2sGafS4mk13MI7Z8O5z9cADNn5lhGODIgLwug6TZO2ctf7kcw=="
    },
    "fast-json-stable-stringify@2.1.0": {
      "integrity": "sha512-lhd/wF+Lk98HZoTCtlVraHtfh5XYijIjalXck7saUtuanSDyLMxnHhSXEDJqHxD7msR8D0uCmqlkwjCV8xvwHw=="
    },
    "fast-uri@3.1.4": {
      "integrity": "sha512-8JnbkQ4juDyvYs4mgFGQqg4yCYtFDtUtmp2QIQq11ZZe5CFQ5wcqm1rqDgAh/QdMySuBnPzMUiJUNZG5N/AiQw=="
    },
    "fdir@6.5.0_picomatch@4.0.4": {
      "integrity": "sha512-tIbYtZbucOs0BRGqPJkshJUYdL+SDH7dVM8gjy+ERp3WAUjLEFJE+02kanyHtwjWOnwrKYBiwAmM0p4kLJAnXg==",
      "dependencies": [
        "picomatch"
      ],
      "optionalPeers": [
        "picomatch"
      ]
    },
    "file-entry-cache@9.1.0": {
      "integrity": "sha512-/pqPFG+FdxWQj+/WSuzXSDaNzxgTLr/OrR1QuqfEZzDakpdYE70PwUxL7BPUa8hpjbvY1+qvCl8k+8Tq34xJgg==",
      "dependencies": [
        "flat-cache"
      ]
    },
    "flat-cache@5.0.0": {
      "integrity": "sha512-JrqFmyUl2PnPi1OvLyTVHnQvwQ0S+e6lGSwu8OkAZlSaNIZciTY2H/cOOROxsBA1m/LZNHDsqAgDZt6akWcjsQ==",
      "dependencies": [
        "flatted",
        "keyv"
      ]
    },
    "flatted@3.4.2": {
      "integrity": "sha512-PjDse7RzhcPkIJwy5t7KPWQSZ9cAbzQXcafsetQoD7sOJRQlGikNbx7yZp2OotDnJyrDcbyRq3Ttb18iYOqkxA=="
    },
    "gensequence@7.0.0": {
      "integrity": "sha512-47Frx13aZh01afHJTB3zTtKIlFI6vWY+MYCN9Qpew6i52rfKjnhCF/l1YlC8UmEMvvntZZ6z4PiCcmyuedR2aQ=="
    },
    "get-caller-file@2.0.5": {
      "integrity": "sha512-DyFP3BM/3YHTQOCUL/w0OZHR0lpKeGrxotcHWcqNEdnltqFwXVfhEBQ94eIo34AfQpo0rGki4cyIiftY06h2Fg=="
    },
    "get-east-asian-width@1.6.0": {
      "integrity": "sha512-QRbvDIbx6YklUe6RxeTeleMR0yv3cYH6PsPZHcnVn7xv7zO1BHN8r0XETu8n6Ye3Q+ahtSarc3WgtNWmehIBfA=="
    },
    "global-directory@4.0.1": {
      "integrity": "sha512-wHTUcDUoZ1H5/0iVqEudYW4/kAlN5cZ3j/bXn0Dpbizl9iaUVeWSHqiOjsgk6OW2bkLclbBjzewBz6weQ1zA2Q==",
      "dependencies": [
        "ini@4.1.1"
      ]
    },
    "global-directory@5.0.0": {
      "integrity": "sha512-1pgFdhK3J2LeM+dVf2Pd424yHx2ou338lC0ErNP2hPx4j8eW1Sp0XqSjNxtk6Tc4Kr5wlWtSvz8cn2yb7/SG/w==",
      "dependencies": [
        "ini@6.0.0"
      ]
    },
    "import-fresh@3.3.1": {
      "integrity": "sha512-TR3KfrTZTYLPB6jUjfx6MF9WcWrHL9su5TObK4ZkYgBdWKPOFoSoQIdEuTuR82pmtxH2spWG9h6etwfr1pLBqQ==",
      "dependencies": [
        "parent-module@1.0.1",
        "resolve-from@4.0.0"
      ]
    },
    "import-meta-resolve@4.2.0": {
      "integrity": "sha512-Iqv2fzaTQN28s/FwZAoFq0ZSs/7hMAHJVX+w8PZl3cY19Pxk6jFFalxQoIfW2826i/fDLXv8IiEZRIT0lDuWcg=="
    },
    "ini@4.1.1": {
      "integrity": "sha512-QQnnxNyfvmHFIsj7gkPcYymR8Jdw/o7mp5ZFihxn6h8Ci6fh3Dx4E1gPjpQEpIuPo9XVNY/ZUwh4BPMjGyL01g=="
    },
    "ini@6.0.0": {
      "integrity": "sha512-IBTdIkzZNOpqm7q3dRqJvMaldXjDHWkEDfrwGEQTs5eaQMWV+djAhR+wahyNNMAa+qpbDUhBMVt4ZKNwpPm7xQ=="
    },
    "is-arrayish@0.2.1": {
      "integrity": "sha512-zz06S8t0ozoDXMG+ube26zeCTNXcKIPJZJi8hBrF4idCLms4CG9QtK7qBl1boi5ODzFpjswb5JPmHCbMpjaYzg=="
    },
    "is-plain-obj@4.1.0": {
      "integrity": "sha512-+Pgi+vMuUNkJyExiMBt5IlFoMyKnr5zhJ4Uspz58WOhBF5QoIZkFyNHIbBAtHwzVAgk5RtndVNsDRN61/mmDqg=="
    },
    "jiti@2.6.1": {
      "integrity": "sha512-ekilCSN1jwRvIbgeg/57YFh8qQDNbwDb9xT/qu2DAHbFFZUicIl4ygVaAvzveMhMVr3LnpSKTNnwt8PoOfmKhQ==",
      "bin": true
    },
    "js-tokens@4.0.0": {
      "integrity": "sha512-RdJUflcE3cUzKiMqQgsCu06FPu9UdIJO0beYbPhHN4k6apgJtifcoCtT9bcxOpYBtpD2kCM6Sbzg4CausW/PKQ=="
    },
    "js-yaml@4.3.0": {
      "integrity": "sha512-1td788aAnnZ5qs7V2QIRl1owjtYpbKt749Y3xauqQgwIIGF/xXWz1wMTEBx5O3LK3lXLVuqXPdPxj2BoFHaW9Q==",
      "dependencies": [
        "argparse"
      ],
      "bin": true
    },
    "json-buffer@3.0.1": {
      "integrity": "sha512-4bV5BfR2mqfQTJm+V5tPPdf+ZpuhiIvTuAB5g8kcrXOZpTT/QwwVRWBywX1ozr6lEuPdbHxwaJlm9G6mI2sfSQ=="
    },
    "json-parse-even-better-errors@2.3.1": {
      "integrity": "sha512-xyFwyhro/JEof6Ghe2iz2NcXoj2sloNsWr/XsERDK/oiPCfaNhl5ONfp+jQdAZRQQ0IJWNzH9zIZF7li91kh2w=="
    },
    "json-schema-traverse@1.0.0": {
      "integrity": "sha512-NM8/P9n3XjXhIZn1lLhkFaACTOURQXjWhV4BA/RnOv8xvgqtqpAX9IO4mRQxSx1Rlo4tqzeqb0sOlruaOy3dug=="
    },
    "keyv@4.5.4": {
      "integrity": "sha512-oxVHkHR/EJf2CNXnWxRLW6mg7JyCCUcG0DtEGmL2ctUo1PNTin1PUil+r/+4r5MpVgC/fn1kjsx7mjSujKqIpw==",
      "dependencies": [
        "json-buffer"
      ]
    },
    "lines-and-columns@1.2.4": {
      "integrity": "sha512-7ylylesZQ/PV29jhEDl3Ufjo6ZX7gCqJr5F7PKrqc93v7fzSymt1BpwEU8nAUXs8qzzvqhbjhK5QZg6Mt/HkBg=="
    },
    "parent-module@1.0.1": {
      "integrity": "sha512-GQ2EWRpQV8/o+Aw8YqtfZZPfNRWZYkbidE9k5rpl/hC3vtHHBfGm2Ifi6qWV+coDGkrUKZAxE3Lot5kcsRlh+g==",
      "dependencies": [
        "callsites"
      ]
    },
    "parent-module@2.0.0": {
      "integrity": "sha512-uo0Z9JJeWzv8BG+tRcapBKNJ0dro9cLyczGzulS6EfeyAdeC9sbojtW6XwvYxJkEne9En+J2XEl4zyglVeIwFg==",
      "dependencies": [
        "callsites"
      ]
    },
    "parse-json@5.2.0": {
      "integrity": "sha512-ayCKvm/phCGxOkYRSCM82iDwct8/EonSEgCSxWxD7ve6jHggsFl4fZVQBPRNgQoKiuV/odhFrGzQXZwbifC8Rg==",
      "dependencies": [
        "@babel/code-frame",
        "error-ex",
        "json-parse-even-better-errors",
        "lines-and-columns"
      ]
    },
    "picocolors@1.1.1": {
      "integrity": "sha512-xceH2snhtb5M9liqDsmEw56le376mTZkEX/jEb/RxNFyegNul7eNslCXP9FDj/Lcu0X8KEyMceP2ntpaHrDEVA=="
    },
    "picomatch@4.0.4": {
      "integrity": "sha512-QP88BAKvMam/3NxH6vj2o21R6MjxZUAd6nlwAS/pnGvN9IVLocLHxGYIzFhg6fUQ+5th6P4dv4eW9jX3DSIj7A=="
    },
    "require-from-string@2.0.2": {
      "integrity": "sha512-Xf0nWe6RseziFMu+Ap9biiUbmplq6S9/p+7w7YXP/JBHhrUDDUhwa+vANyubuqfZWTveU//DYVGsDG7RKL/vEw=="
    },
    "resolve-from@4.0.0": {
      "integrity": "sha512-pb/MYmXstAkysRFx8piNI1tGFNQIFA3vkE3Gq4EuA1dF6gHp/+vgZqsCGJapvy8N3Q+4o7FwvquPJcnZ7RYy4g=="
    },
    "resolve-from@5.0.0": {
      "integrity": "sha512-qYg9KP24dD5qka9J47d0aVky0N+b4fTU89LN9iDnjB5waksiC49rvMB0PrUJQGoTmH50XPiqOvAjDfaijGxYZw=="
    },
    "semver@7.8.0": {
      "integrity": "sha512-AcM7dV/5ul4EekoQ29Agm5vri8JNqRyj39o0qpX6vDF2GZrtutZl5RwgD1XnZjiTAfncsJhMI48QQH3sN87YNA==",
      "bin": true
    },
    "string-width@7.2.0": {
      "integrity": "sha512-tsaTIkKW9b4N+AEj+SVA+WhJzV7/zMhcSu78mLKWSk7cXMOSHsBKFWUs0fWwq8QyK3MgJBQRX6Gbi4kYbdvGkQ==",
      "dependencies": [
        "emoji-regex",
        "get-east-asian-width",
        "strip-ansi"
      ]
    },
    "strip-ansi@7.2.0": {
      "integrity": "sha512-yDPMNjp4WyfYBkHnjIRLfca1i6KMyGCtsVgoKe/z1+6vukgaENdgGBZt+ZmKPc4gavvEZ5OgHfHdrazhgNyG7w==",
      "dependencies": [
        "ansi-regex"
      ]
    },
    "tinyexec@1.2.4": {
      "integrity": "sha512-SHf/r48b7vOrjve9PxJo3MN5v5yuyjHvdUcrQffT3WXMUfnGmHDVbC4k3sHJaJTgZCwpUplIaAo5ANtMyp3YHg=="
    },
    "tinyglobby@0.2.16": {
      "integrity": "sha512-pn99VhoACYR8nFHhxqix+uvsbXineAasWm5ojXoN8xEwK5Kd3/TrhNn1wByuD52UxWRLy8pu+kRMniEi6Eq9Zg==",
      "dependencies": [
        "fdir",
        "picomatch"
      ]
    },
    "typescript@6.0.3": {
      "integrity": "sha512-y2TvuxSZPDyQakkFRPZHKFm+KKVqIisdg9/CZwm9ftvKXLP8NRWj38/ODjNbr43SsoXqNuAisEf1GdCxqWcdBw==",
      "bin": true
    },
    "undici-types@8.3.0": {
      "integrity": "sha512-j375ScV60dom+YkPFIfTLcOiPxkN/buHz5GobjLhixFuANaNs3C9l4GmrWqejgXWJ7BbJcFYpTEUkS1Ge8bpZQ=="
    },
    "vscode-languageserver-textdocument@1.0.12": {
      "integrity": "sha512-cxWNPesCnQCcMPeenjKKsOCKQZ/L6Tv19DTRIGuLWe32lyzWhihGVJ/rcckZXJxfdKCFvRLS3fpBIsV/ZGX4zA=="
    },
    "vscode-uri@3.1.0": {
      "integrity": "sha512-/BpdSx+yCQGnCvecbyXdxHDkuk55/G3xwnC0GqY4gmQ3j+A+g8kzzgB4Nk/SINjqn6+waqw3EgbVF2QKExkRxQ=="
    },
    "wrap-ansi@9.0.2": {
      "integrity": "sha512-42AtmgqjV+X1VpdOfyTGOYRi0/zsoLqtXQckTmqTeybT+BDIbM/Guxo7x3pE2vtpr1ok6xRqM9OpBe+Jyoqyww==",
      "dependencies": [
        "ansi-styles",
        "string-width",
        "strip-ansi"
      ]
    },
    "xdg-basedir@5.1.0": {
      "integrity": "sha512-GCPAHLvrIH13+c0SuacwvRYj2SxJXQ4kaVTT5xgL3kPrz56XxkF21IGhjSE1+W0aw7gpBWRGXLCPnPby6lSpmQ=="
    },
    "y18n@5.0.8": {
      "integrity": "sha512-0pfFzegeDWJHJIAmTLRP2DwHjdF5s7jo9tuztdQxAhINCdvS+3nGINqPd00AphqJR/0LhANUS6/+7SCb98YOfA=="
    },
    "yaml@2.9.0": {
      "integrity": "sha512-2AvhNX3mb8zd6Zy7INTtSpl1F15HW6Wnqj0srWlkKLcpYl/gMIMJiyuGq2KeI2YFxUPjdlB+3Lc10seMLtL4cA==",
      "bin": true
    },
    "yargs-parser@22.0.0": {
      "integrity": "sha512-rwu/ClNdSMpkSrUb+d6BRsSkLUq1fmfsY6TOpYzTwvwkg1/NRG85KBy3kq++A8LKQwX6lsu+aWad+2khvuXrqw=="
    },
    "yargs@18.0.0": {
      "integrity": "sha512-4UEqdc2RYGHZc7Doyqkrqiln3p9X2DZVxaGbwhn2pi7MrRagKaOcIKe8L3OxYcbhXLgLFUS3zAYuQjKBQgmuNg==",
      "dependencies": [
        "cliui",
        "escalade",
        "get-caller-file",
        "string-width",
        "y18n",
        "yargs-parser"
      ]
    }
  },
  "workspace": {
    "dependencies": [
      "npm:yaml@2.9.0"
    ],
    "packageJson": {
      "dependencies": [
        "npm:@commitlint/cli@21.2.1",
        "npm:@commitlint/config-conventional@21.2.0",
        "npm:@devcontainers/cli@0.87.0",
        "npm:cspell@8.19.4",
        "npm:typescript@6.0.3"
      ]
    }
  }
}
