{
  "version": "5",
  "specifiers": {
    "npm:@commitlint/cli@21.2.1": "21.2.1_typescript@7.0.2",
    "npm:@commitlint/config-conventional@21.2.0": "21.2.0",
    "npm:conventional-changelog-conventionalcommits@10.2.1": "10.2.1",
    "npm:conventional-changelog@8.1.0": "8.1.0",
    "npm:cspell@10.0.1": "10.0.1",
    "npm:typescript@7.0.2": "7.0.2",
    "npm:yaml@2.9.0": "2.9.0"
  },
  "npm": {
    "@babel/code-frame@7.29.7": {
      "integrity": "sha512-Aup7aUOfpbAUg2ROOJN6Iw5f9DMBlzu0mIkm/malLQFN/YQgO48wCj0Kxa3sEHJvPVFg7siR+qRInwXd2qhQKw==",
      "dependencies": [
        "@babel/helper-validator-identifier",
        "js-tokens",
        "picocolors"
      ]
    },
    "@babel/helper-validator-identifier@7.29.7": {
      "integrity": "sha512-qehxGkRj55h/ff8EMaJ+cYhyaKlHIxqYDn682wQD7RNp9UujOQsHog2uS0r2vzr4pW+sXf90NeeayjcNaX3fFg=="
    },
    "@commitlint/cli@21.2.1_typescript@7.0.2": {
      "integrity": "sha512-blsZGe29hJ72VGEFVl72IVYX+1vsfINpjA9yWQA6i7OKD/McGEOXg08sKIRKjFk4JvzhV/9n0l3i6NooPLTNfg==",
      "dependencies": [
        "@commitlint/config-conventional",
        "@commitlint/format",
        "@commitlint/lint",
        "@commitlint/load",
        "@commitlint/read",
        "@commitlint/types",
        "tinyexec",
        "yargs"
      ],
      "bin": true
    },
    "@commitlint/config-conventional@21.2.0": {
      "integrity": "sha512-Qf8WRDVcyVd14if6VTWenebxFbKnVnbzPUJjlzjkyJGeHK2xCGd63Dr1XZzj0plXKQb9P0BfOxoc1HVeCo2BWQ==",
      "dependencies": [
        "@commitlint/types",
        "conventional-changelog-conventionalcommits"
      ]
    },
    "@commitlint/config-validator@21.2.0": {
      "integrity": "sha512-t7AzNHAKeIdo/3NRGwzpufKHsKkPHmFs/56N2Fnsh0/r0rGtnQzTxk6vnFgjaGr4hdSQKNB50/KAhR9Yk4LJKA==",
      "dependencies": [
        "@commitlint/types",
        "ajv"
      ]
    },
    "@commitlint/ensure@21.2.0": {
      "integrity": "sha512-76IF9vDNS13lAzEEik9eKwzt8f9hYhWiwVXZ2AnyLCz5/f511FsEQ3pw1X3/zSQpdRLQU7i5qDMVKyXi1GWjSg==",
      "dependencies": [
        "@commitlint/types",
        "es-toolkit"
      ]
    },
    "@commitlint/execute-rule@21.0.1": {
      "integrity": "sha512-RifH+FmImozKBE6mozhF4K3r2RRKP7SMi/Q/zLCmExtp5e05lhHOUYqGBlFBAGNHaZxU/WYw1XuugYK9jQzqnA=="
    },
    "@commitlint/format@21.2.0": {
      "integrity": "sha512-c4q64xaav2U83t7k7RyzJerBZurPer7FxUOY0RL5L/6CZijZ7K+s6HIBGIghj0ey1P2+seRX0J9XQYtDued6tg==",
      "dependencies": [
        "@commitlint/types",
        "picocolors"
      ]
    },
    "@commitlint/is-ignored@21.2.0": {
      "integrity": "sha512-4/eB0vBN7L88O/oC4ajAEqi7j2ZfNgxl/+11RfAV9YosejZgDXhY2C9VcHnHJhOzPLoSy5P3Mg/46kqeyJfXKw==",
      "dependencies": [
        "@commitlint/types",
        "semver"
      ]
    },
    "@commitlint/lint@21.2.0": {
      "integrity": "sha512-ceO5dp9pLjEZ6y6qbq/uXWXDPykqqlTsyzoQ0NzecpisSJhK3kTy9qzQoPeJuWG/IMNdV1lO0RgmzqoAlSi1uw==",
      "dependencies": [
        "@commitlint/is-ignored",
        "@commitlint/parse",
        "@commitlint/rules",
        "@commitlint/types"
      ]
    },
    "@commitlint/load@21.2.0_typescript@7.0.2": {
      "integrity": "sha512-RjlzWQqruRwIenJEfZtq7kG97co97nKoHpflE5YnF61tDLXxHPrdWImgzw6VL6MlFyaOcVlk74eBV8ZQmc3oIA==",
      "dependencies": [
        "@commitlint/config-validator",
        "@commitlint/execute-rule",
        "@commitlint/resolve-extends",
        "@commitlint/types",
        "cosmiconfig",
        "cosmiconfig-typescript-loader",
        "es-toolkit",
        "is-plain-obj",
        "picocolors"
      ]
    },
    "@commitlint/message@21.2.0": {
      "integrity": "sha512-YxGoiXD/HXNXLJPrQwE5poXa+XH0CBEm+mdvbHQP0g6MV/dmJyUFCzPNzZbxL93GvZ70TmtTK0Z0/IBpAqHv8g=="
    },
    "@commitlint/parse@21.2.0": {
      "integrity": "sha512-QHWxG4d0PLTF634/AdyZ0MQS+CLn5YOuJlCFhMMlSGKFxzYGUetkHBj18xgBD+6fVzUrA2lrCdi/vlS2f/oYXg==",
      "dependencies": [
        "@commitlint/types",
        "conventional-changelog-angular",
        "conventional-commits-parser"
      ]
    },
    "@commitlint/read@21.2.1": {
      "integrity": "sha512-hUW7EJQnNTL0vPOmVMNK4CrnrNBN0nN+JJHReFkdHO5y4iyHeEmTBwuC15OCqUTjxWo7idnH1LftfpWVIaPWIA==",
      "dependencies": [
        "@commitlint/top-level",
        "@commitlint/types",
        "@conventional-changelog/git-client",
        "tinyexec"
      ]
    },
    "@commitlint/resolve-extends@21.2.0": {
      "integrity": "sha512-4O/1j51+79Wth9s/MGxt/5gs0XYLDgNlYpltQfhAvLE0itusLKs9zruxbiNg1oOkmkb9L9L4USYGjEj7n87NxA==",
      "dependencies": [
        "@commitlint/config-validator",
        "@commitlint/types",
        "es-toolkit",
        "global-directory",
        "resolve-from@5.0.0"
      ]
    },
    "@commitlint/rules@21.2.0": {
      "integrity": "sha512-C2yXMNpiB8ETZKfx5JD8+ExgF8vTU1VQMKPSUUYwqKpw9oJWQBrlXBpdU038mj2WPjof7o9UzFpmTyBeGMZwZg==",
      "dependencies": [
        "@commitlint/ensure",
        "@commitlint/message",
        "@commitlint/to-lines",
        "@commitlint/types"
      ]
    },
    "@commitlint/to-lines@21.0.1": {
      "integrity": "sha512-bd1BFII7p1EQZre9Kaj+kKaMFP3cFCdt21K7DItVux9XP5WjLgJ0/Uy1pJJh9aPwVJ6SKg62PxqlZaHI8hQAXw=="
    },
    "@commitlint/top-level@21.2.0": {
      "integrity": "sha512-Y5gmQ+KxzqCrBFJfLvFEPvvwD3LDiNZoTT2yeFBm96M8qhmqSzQc5DvX3rheAaAMjyIvMXOCLS/mWfdpONsjyQ==",
      "dependencies": [
        "escalade"
      ]
    },
    "@commitlint/types@21.2.0": {
      "integrity": "sha512-7zVFCDB2reMvJH5dmbKnOQPjZEvjdJTH8jc0U/PIPU1r3/+vf5pD1HlfitV2MWsWXrvu7u39iY1lyLUPOaN0Gw==",
      "dependencies": [
        "conventional-commits-parser",
        "picocolors"
      ]
    },
    "@conventional-changelog/git-client@3.1.0_conventional-commits-parser@7.1.0": {
      "integrity": "sha512-Tqa/gHco2WJWa740NRjOrfKVvzIqxkZpecb8bemaQ8sKM5PXb1UK4uTyTb/1wIqNuOVaDOFxyBdhTIQZn6gdjQ==",
      "dependencies": [
        "@simple-libs/child-process-utils",
        "@simple-libs/stream-utils",
        "conventional-commits-parser",
        "semver"
      ],
      "optionalPeers": [
        "conventional-commits-parser"
      ]
    },
    "@conventional-changelog/template@1.2.1": {
      "integrity": "sha512-TzlTVpKPjaqW6qOYjQcYUDuGsLCNsvFHVBXkYGTAnf5V37jCWrE5haKNXzz0WZUtVHjrpV76L1buANjwXMfT8w=="
    },
    "@cspell/cspell-bundled-dicts@10.0.1": {
      "integrity": "sha512-WvkSDNX4Uyyj/ZgbPO6L38iFNMfK1EqsH1FteRiI2qLz6QZMXRFrIt12OqiWIplzZDDaVpBH9FCJOPJll0fjCQ==",
      "dependencies": [
        "@cspell/dict-ada",
        "@cspell/dict-al",
        "@cspell/dict-aws",
        "@cspell/dict-bash",
        "@cspell/dict-companies",
        "@cspell/dict-cpp",
        "@cspell/dict-cryptocurrencies",
        "@cspell/dict-csharp",
        "@cspell/dict-css",
        "@cspell/dict-dart",
        "@cspell/dict-data-science",
        "@cspell/dict-django",
        "@cspell/dict-docker",
        "@cspell/dict-dotnet",
        "@cspell/dict-elixir",
        "@cspell/dict-en-common-misspellings",
        "@cspell/dict-en-gb-mit",
        "@cspell/dict-en_us",
        "@cspell/dict-filetypes",
        "@cspell/dict-flutter",
        "@cspell/dict-fonts",
        "@cspell/dict-fsharp",
        "@cspell/dict-fullstack",
        "@cspell/dict-gaming-terms",
        "@cspell/dict-git",
        "@cspell/dict-golang",
        "@cspell/dict-google",
        "@cspell/dict-haskell",
        "@cspell/dict-html",
        "@cspell/dict-html-symbol-entities",
        "@cspell/dict-java",
        "@cspell/dict-julia",
        "@cspell/dict-k8s",
        "@cspell/dict-kotlin",
        "@cspell/dict-latex",
        "@cspell/dict-lorem-ipsum",
        "@cspell/dict-lua",
        "@cspell/dict-makefile",
        "@cspell/dict-markdown",
        "@cspell/dict-monkeyc",
        "@cspell/dict-node",
        "@cspell/dict-npm",
        "@cspell/dict-php",
        "@cspell/dict-powershell",
        "@cspell/dict-public-licenses",
        "@cspell/dict-python",
        "@cspell/dict-r",
        "@cspell/dict-ruby",
        "@cspell/dict-rust",
        "@cspell/dict-scala",
        "@cspell/dict-shell",
        "@cspell/dict-software-terms",
        "@cspell/dict-sql",
        "@cspell/dict-svelte",
        "@cspell/dict-swift",
        "@cspell/dict-terraform",
        "@cspell/dict-typescript",
        "@cspell/dict-vue",
        "@cspell/dict-zig"
      ]
    },
    "@cspell/cspell-json-reporter@10.0.1": {
      "integrity": "sha512-/nes1RGILec3WCBcoMOd0byNTBtnJuPaVz/+ZzqYkLtY7x58VMcBG5kyP6hPyN8cIwjRADE/SR43gwdXuqk/FA==",
      "dependencies": [
        "@cspell/cspell-types"
      ]
    },
    "@cspell/cspell-performance-monitor@10.0.1": {
      "integrity": "sha512-9tVcHXwRnbazUv4WSG0h3MqV4+LgmLNgSALAQUflPPW0EMxTf7C4Dmv9cgxJyCEQrdnVKCr58nPPaahhz9LJUg=="
    },
    "@cspell/cspell-pipe@10.0.1": {
      "integrity": "sha512-HPeXMD9AZ3V/qPkvQaPcak+C7cJ2z7JTHN8smd6J8L2aThLRky2cHc2OyeaHPSHB7WA47b4z2n5u5nawZhv5VQ=="
    },
    "@cspell/cspell-resolver@10.0.1": {
      "integrity": "sha512-PIzkZHD1fGUQx1XteK2d1iQ0Mzq/maYcoB4jkvAiiR6WqP3MWYNKFdI9z+R5pOq5KgMfW+5Ig1q0oSR6h8irlA==",
      "dependencies": [
        "global-directory"
      ]
    },
    "@cspell/cspell-service-bus@10.0.1": {
      "integrity": "sha512-y6NcIGP2IdXaBL4PVH8vxsr7K27wzz3Ech87UtUtrDSXAiVEOvXgAIknEOUVp59rTlUE8Rn4IRURC6f/hgMyfw=="
    },
    "@cspell/cspell-types@10.0.1": {
      "integrity": "sha512-kLgLShnWADDVreKC63pBrWkcvxgZzFIfO34Jhx/SWfuOIA3cD8AXT+HjyuLfoGJ7mUb58hv2kUziKzEy4INb1w=="
    },
    "@cspell/cspell-worker@10.0.1": {
      "integrity": "sha512-L2bJerfuYOls2wEknm8FmynLtj/G7O4UqX9I/HznRggEW6i2yZIxagDetpVDNowpyavNHJ3SJtUFiyMiZc16Sw==",
      "dependencies": [
        "cspell-lib"
      ]
    },
    "@cspell/dict-ada@4.1.1": {
      "integrity": "sha512-E+0YW9RhZod/9Qy2gxfNZiHJjCYFlCdI69br1eviQQWB8yOTJX0JHXLs79kOYhSW0kINPVUdvddEBe6Lu6CjGQ=="
    },
    "@cspell/dict-al@1.1.1": {
      "integrity": "sha512-sD8GCaZetgQL4+MaJLXqbzWcRjfKVp8x+px3HuCaaiATAAtvjwUQ5/Iubiqwfd1boIh2Y1/3EgM3TLQ7Q8e0wQ=="
    },
    "@cspell/dict-aws@4.0.17": {
      "integrity": "sha512-ORcblTWcdlGjIbWrgKF+8CNEBQiLVKdUOFoTn0KPNkAYnFcdPP0muT4892h7H4Xafh3j72wqB4/loQ6Nti9E/w=="
    },
    "@cspell/dict-bash@4.2.3": {
      "integrity": "sha512-ljUZoKHbDqw5Sx0qpL2qTUlmkmr+vhZH/sCNrNaBZKTbdgiswErSnIF1jRbGmEitJNxHRHWsuZyVgnTGfVO1Yw==",
      "dependencies": [
        "@cspell/dict-shell"
      ]
    },
    "@cspell/dict-companies@3.2.12": {
      "integrity": "sha512-mjiz/N3zWOCsz5VfwMUydSl7uW0OU9H2PnbCNc3RV44Vj6Q59CSp6EYGSGZQxrXU1gpsuZUrwr6QCjNjFOOg5A=="
    },
    "@cspell/dict-cpp@7.0.2": {
      "integrity": "sha512-dfbeERiVNeqmo/npivdR6rDiBCqZi3QtjH2Z0HFcXwpdj6i97dX1xaKyK2GUsO/p4u1TOv63Dmj5Vm48haDpuA=="
    },
    "@cspell/dict-cryptocurrencies@5.0.5": {
      "integrity": "sha512-R68hYYF/rtlE6T/dsObStzN5QZw+0aQBinAXuWCVqwdS7YZo0X33vGMfChkHaiCo3Z2+bkegqHlqxZF4TD3rUA=="
    },
    "@cspell/dict-csharp@4.0.8": {
      "integrity": "sha512-qmk45pKFHSxckl5mSlbHxmDitSsGMlk/XzFgt7emeTJWLNSTUK//MbYAkBNRtfzB4uD7pAFiKgpKgtJrTMRnrQ=="
    },
    "@cspell/dict-css@4.1.2": {
      "integrity": "sha512-+ylGoKdwZ2sVOCOnU2Eq5wDZx+RaVX3HoKyNHGGsFvhSw6IidQ6tH/mAPKBDofViHJoWCPNlklE0lTr6MDG3QA=="
    },
    "@cspell/dict-dart@2.3.2": {
      "integrity": "sha512-sUiLW56t9gfZcu8iR/5EUg+KYyRD83Cjl3yjDEA2ApVuJvK1HhX+vn4e4k4YfjpUQMag8XO2AaRhARE09+/rqw=="
    },
    "@cspell/dict-data-science@2.0.16": {
      "integrity": "sha512-M72mxv5asuAnORurz4iXRJ+Tw9XBq6eu7D2Ne7biP0Z1RciKGNxXWu9JycA/KlVvK1hAlKj/fANlXhuEWpXKFg=="
    },
    "@cspell/dict-django@4.1.6": {
      "integrity": "sha512-SdbSFDGy9ulETqNz15oWv2+kpWLlk8DJYd573xhIkeRdcXOjskRuxjSZPKfW7O3NxN/KEf3gm3IevVOiNuFS+w=="
    },
    "@cspell/dict-docker@1.1.17": {
      "integrity": "sha512-OcnVTIpHIYYKhztNTyK8ShAnXTfnqs43hVH6p0py0wlcwRIXe5uj4f12n7zPf2CeBI7JAlPjEsV0Rlf4hbz/xQ=="
    },
    "@cspell/dict-dotnet@5.0.13": {
      "integrity": "sha512-xPp7jMnFpOri7tzmqmm/dXMolXz1t2bhNqxYkOyMqXhvs08oc7BFs+EsbDY0X7hqiISgeFZGNqn0dOCr+ncPYw=="
    },
    "@cspell/dict-elixir@4.0.8": {
      "integrity": "sha512-CyfphrbMyl4Ms55Vzuj+mNmd693HjBFr9hvU+B2YbFEZprE5AG+EXLYTMRWrXbpds4AuZcvN3deM2XVB80BN/Q=="
    },
    "@cspell/dict-en-common-misspellings@2.1.13": {
      "integrity": "sha512-00rpydUxKNWY2xxrSx+h46aNWLvbkJdd57SsnEFt24fbs1fROhXZ6XSQu+gQz/zNuiCvFi4Ro3ej9DLbEdWQmQ=="
    },
    "@cspell/dict-en-gb-mit@3.1.25": {
      "integrity": "sha512-zGODptk24CMrXi49ieG2SUm94CKxEsVF0dYNF+1ZYH0MSsQDZ/PKDlrrbvtBqSupKdPSj0Z9sjOmMNfHHW9ZSg=="
    },
    "@cspell/dict-en_us@4.4.36": {
      "integrity": "sha512-2yOhI/+7d1DbfvMljGW4jw8pLqDEsVmnvUXBOCFXtLU2BWgQkrqOJDCNseYjEiEbTp0OtdrWEWWPFSP1TNugQw=="
    },
    "@cspell/dict-filetypes@3.0.18": {
      "integrity": "sha512-yU7RKD/x1IWmDLzWeiItMwgV+6bUcU/af23uS0+uGiFUbsY1qWV/D4rxlAAO6Z7no3J2z8aZOkYIOvUrJq0Rcw=="
    },
    "@cspell/dict-flutter@1.1.1": {
      "integrity": "sha512-UlOzRcH2tNbFhZmHJN48Za/2/MEdRHl2BMkCWZBYs+30b91mWvBfzaN4IJQU7dUZtowKayVIF9FzvLZtZokc5A=="
    },
    "@cspell/dict-fonts@4.0.6": {
      "integrity": "sha512-aR/0csY01dNb0A1tw/UmN9rKgHruUxsYsvXu6YlSBJFu60s26SKr/k1o4LavpHTQ+lznlYMqAvuxGkE4Flliqw=="
    },
    "@cspell/dict-fsharp@1.1.1": {
      "integrity": "sha512-imhs0u87wEA4/cYjgzS0tAyaJpwG7vwtC8UyMFbwpmtw+/bgss+osNfyqhYRyS/ehVCWL17Ewx2UPkexjKyaBA=="
    },
    "@cspell/dict-fullstack@3.2.9": {
      "integrity": "sha512-diZX+usW5aZ4/b2T0QM/H/Wl9aNMbdODa1Jq0ReBr/jazmNeWjd+PyqeVgzd1joEaHY+SAnjrf/i9CwKd2ZtWQ=="
    },
    "@cspell/dict-gaming-terms@1.1.2": {
      "integrity": "sha512-9XnOvaoTBscq0xuD6KTEIkk9hhdfBkkvJAIsvw3JMcnp1214OCGW8+kako5RqQ2vTZR3Tnf3pc57o7VgkM0q1Q=="
    },
    "@cspell/dict-git@3.1.0": {
      "integrity": "sha512-KEt9zGkxqGy2q1nwH4CbyqTSv5nadpn8BAlDnzlRcnL0Xb3LX9xTgSGShKvzb0bw35lHoYyLWN2ZKAqbC4pgGQ=="
    },
    "@cspell/dict-golang@6.0.26": {
      "integrity": "sha512-YKA7Xm5KeOd14v5SQ4ll6afe9VSy3a2DWM7L9uBq4u3lXToRBQ1W5PRa+/Q9udd+DTURyVVnQ+7b9cnOlNxaRg=="
    },
    "@cspell/dict-google@1.0.9": {
      "integrity": "sha512-biL65POqialY0i4g6crj7pR6JnBkbsPovB2WDYkj3H4TuC/QXv7Pu5pdPxeUJA6TSCHI7T5twsO4VSVyRxD9CA=="
    },
    "@cspell/dict-haskell@4.0.6": {
      "integrity": "sha512-ib8SA5qgftExpYNjWhpYIgvDsZ/0wvKKxSP+kuSkkak520iPvTJumEpIE+qPcmJQo4NzdKMN8nEfaeci4OcFAQ=="
    },
    "@cspell/dict-html-symbol-entities@4.0.5": {
      "integrity": "sha512-429alTD4cE0FIwpMucvSN35Ld87HCyuM8mF731KU5Rm4Je2SG6hmVx7nkBsLyrmH3sQukTcr1GaiZsiEg8svPA=="
    },
    "@cspell/dict-html@4.0.15": {
      "integrity": "sha512-GJYnYKoD9fmo2OI0aySEGZOjThnx3upSUvV7mmqUu8oG+mGgzqm82P/f7OqsuvTaInZZwZbo+PwJQd/yHcyFIw=="
    },
    "@cspell/dict-java@5.0.12": {
      "integrity": "sha512-qPSNhTcl7LGJ5Qp6VN71H8zqvRQK04S08T67knMq9hTA8U7G1sTKzLmBaDOFhq17vNX/+rT+rbRYp+B5Nwza1A=="
    },
    "@cspell/dict-julia@1.1.1": {
      "integrity": "sha512-WylJR9TQ2cgwd5BWEOfdO3zvDB+L7kYFm0I9u0s9jKHWQ6yKmfKeMjU9oXxTBxIufhCXm92SKwwVNAC7gjv+yA=="
    },
    "@cspell/dict-k8s@1.0.13": {
      "integrity": "sha512-ELGkS13k7K/NEfVimBSrxVTfqXvOF/Kvxj4I62YxRm8bvHbfoXgrGaOx28lPiNRz+dmu+yYtvuXbnURKtYbC6g=="
    },
    "@cspell/dict-kotlin@1.1.1": {
      "integrity": "sha512-J3NzzfgmxRvEeOe3qUXnSJQCd38i/dpF9/t3quuWh6gXM+krsAXP75dY1CzDmS8mrJAlBdVBeAW5eAZTD8g86Q=="
    },
    "@cspell/dict-latex@5.1.0": {
      "integrity": "sha512-qxT4guhysyBt0gzoliXYEBYinkAdEtR2M7goRaUH0a7ltCsoqqAeEV8aXYRIdZGcV77gYSobvu3jJL038tlPAw=="
    },
    "@cspell/dict-lorem-ipsum@4.0.5": {
      "integrity": "sha512-9a4TJYRcPWPBKkQAJ/whCu4uCAEgv/O2xAaZEI0n4y1/l18Yyx8pBKoIX5QuVXjjmKEkK7hi5SxyIsH7pFEK9Q=="
    },
    "@cspell/dict-lua@4.0.8": {
      "integrity": "sha512-N4PkgNDMu9JVsRu7JBS/3E/dvfItRgk9w5ga2dKq+JupP2Y3lojNaAVFhXISh4Y0a6qXDn2clA6nvnavQ/jjLA=="
    },
    "@cspell/dict-makefile@1.0.5": {
      "integrity": "sha512-4vrVt7bGiK8Rx98tfRbYo42Xo2IstJkAF4tLLDMNQLkQ86msDlYSKG1ZCk8Abg+EdNcFAjNhXIiNO+w4KflGAQ=="
    },
    "@cspell/dict-markdown@2.0.17_@cspell+dict-css@4.1.2_@cspell+dict-html@4.0.15_@cspell+dict-html-symbol-entities@4.0.5_@cspell+dict-typescript@3.2.3": {
      "integrity": "sha512-H8bAxih6U8NOnSPL7R8My+tqjaB4tmnJTjERuz4zYqmf+cH+5xshX3UVgKlwWFcyjsYfv/zEDuRdMctQv1q6HQ==",
      "dependencies": [
        "@cspell/dict-css",
        "@cspell/dict-html",
        "@cspell/dict-html-symbol-entities",
        "@cspell/dict-typescript"
      ]
    },
    "@cspell/dict-monkeyc@1.0.12": {
      "integrity": "sha512-MN7Vs11TdP5mbdNFQP5x2Ac8zOBm97ARg6zM5Sb53YQt/eMvXOMvrep7+/+8NJXs0jkp70bBzjqU4APcqBFNAw=="
    },
    "@cspell/dict-node@5.0.9": {
      "integrity": "sha512-hO+ga+uYZ/WA4OtiMEyKt5rDUlUyu3nXMf8KVEeqq2msYvAPdldKBGH7lGONg6R/rPhv53Rb+0Y1SLdoK1+7wQ=="
    },
    "@cspell/dict-npm@5.2.43": {
      "integrity": "sha512-H2gYwtu59dNO9662Uq0usfuhyNd7lZJE1C61a/UXcpRyWWSrTo2Bz+vwGYp1bXZ1LmjXadqvwJ8ArFlGdiadNQ=="
    },
    "@cspell/dict-php@4.1.1": {
      "integrity": "sha512-EXelI+4AftmdIGtA8HL8kr4WlUE11OqCSVlnIgZekmTkEGSZdYnkFdiJ5IANSALtlQ1mghKjz+OFqVs6yowgWA=="
    },
    "@cspell/dict-powershell@5.0.15": {
      "integrity": "sha512-l4S5PAcvCFcVDMJShrYD0X6Huv9dcsQPlsVsBGbH38wvuN7gS7+GxZFAjTNxDmTY1wrNi1cCatSg6Pu2BW4rgg=="
    },
    "@cspell/dict-public-licenses@2.0.16": {
      "integrity": "sha512-EQRrPvEOmwhwWezV+W7LjXbIBjiy6y/shrET6Qcpnk3XANTzfvWflf9PnJ5kId/oKWvihFy0za0AV1JHd03pSQ=="
    },
    "@cspell/dict-python@4.2.29": {
      "integrity": "sha512-OnEt1a35iuQzc2Ize1qU/43ZyF10urRKAm+mlTz++vnAgDLBHpKfWakpSK50nyL5/1WvyQ8BaMjb52MBLEpTeA==",
      "dependencies": [
        "@cspell/dict-data-science"
      ]
    },
    "@cspell/dict-r@2.1.1": {
      "integrity": "sha512-71Ka+yKfG4ZHEMEmDxc6+blFkeTTvgKbKAbwiwQAuKl3zpqs1Y0vUtwW2N4b3LgmSPhV3ODVY0y4m5ofqDuKMw=="
    },
    "@cspell/dict-ruby@5.1.1": {
      "integrity": "sha512-LHrp84oEV6q1ZxPPyj4z+FdKyq1XAKYPtmGptrd+uwHbrF/Ns5+fy6gtSi7pS+uc0zk3JdO9w/tPK+8N1/7WUA=="
    },
    "@cspell/dict-rust@4.1.2": {
      "integrity": "sha512-O1FHrumYcO+HZti3dHfBPUdnDFkI+nbYK3pxYmiM1sr+G0ebOd6qchmswS0Wsc6ZdEVNiPYJY/gZQR6jfW3uOg=="
    },
    "@cspell/dict-scala@5.0.9": {
      "integrity": "sha512-AjVcVAELgllybr1zk93CJ5wSUNu/Zb5kIubymR/GAYkMyBdYFCZ3Zbwn4Zz8GJlFFAbazABGOu0JPVbeY59vGg=="
    },
    "@cspell/dict-shell@1.2.0": {
      "integrity": "sha512-PVctvT22lJ49niMiakO8xieY7ELCAzjSqhejWR7bAMb5AZ9F4WDEs+XdGMnoVHWeXq7K5rcepLPmEJb+37zzIw=="
    },
    "@cspell/dict-software-terms@5.2.4": {
      "integrity": "sha512-z6y/TGH3QNf5wB4pVvN/P3GfFEW/Whf6QAekNsIn06VKl95dnamfpkPWqV8rEtCixQFaKalb5+y9hRQXH3XQ1g=="
    },
    "@cspell/dict-sql@2.2.1": {
      "integrity": "sha512-qDHF8MpAYCf4pWU8NKbnVGzkoxMNrFqBHyG/dgrlic5EQiKANCLELYtGlX5auIMDLmTf1inA0eNtv74tyRJ/vg=="
    },
    "@cspell/dict-svelte@1.0.7": {
      "integrity": "sha512-hGZsGqP0WdzKkdpeVLBivRuSNzOTvN036EBmpOwxH+FTY2DuUH7ecW+cSaMwOgmq5JFSdTcbTNFlNC8HN8lhaQ=="
    },
    "@cspell/dict-swift@2.0.6": {
      "integrity": "sha512-PnpNbrIbex2aqU1kMgwEKvCzgbkHtj3dlFLPMqW1vSniop7YxaDTtvTUO4zA++ugYAEL+UK8vYrBwDPTjjvSnA=="
    },
    "@cspell/dict-terraform@1.1.4": {
      "integrity": "sha512-Ere42ilvMFvQA4GlcN0OKlruMPR6EsvaB+iTHzj2xc+NJGRK64V7yApUcWrOrSgTiM/vhWXPIsK3OMfiAiNdmA=="
    },
    "@cspell/dict-typescript@3.2.3": {
      "integrity": "sha512-zXh1wYsNljQZfWWdSPYwQhpwiuW0KPW1dSd8idjMRvSD0aSvWWHoWlrMsmZeRl4qM4QCEAjua8+cjflm41cQBg=="
    },
    "@cspell/dict-vue@3.0.5": {
      "integrity": "sha512-Mqutb8jbM+kIcywuPQCCaK5qQHTdaByoEO2J9LKFy3sqAdiBogNkrplqUK0HyyRFgCfbJUgjz3N85iCMcWH0JA=="
    },
    "@cspell/dict-zig@1.0.0": {
      "integrity": "sha512-XibBIxBlVosU06+M6uHWkFeT0/pW5WajDRYdXG2CgHnq85b0TI/Ks0FuBJykmsgi2CAD3Qtx8UHFEtl/DSFnAQ=="
    },
    "@cspell/dynamic-import@10.0.1": {
      "integrity": "sha512-mP1gdq00aIcH8HxNMqnH11X6BKxLcneDtFgl/ecjIKnaGKwi44m8AndP5Kr4ODaYdl8UUw9O3dJh7KaQXnLHZQ==",
      "dependencies": [
        "@cspell/url",
        "import-meta-resolve"
      ]
    },
    "@cspell/filetypes@10.0.1": {
      "integrity": "sha512-Z5S35giU5IW49fBBq6BksUbE8PC4IYPfaKuwl5Nl9jkf/OkAKiBmCowKX45NzRUQInwK/GSqqIUifrNeI6LdLw=="
    },
    "@cspell/rpc@10.0.1": {
      "integrity": "sha512-axSRKv3zEAmBm66iD/FV/MPmE4/Yf7c3PZiwTW894Yd3iEhtn3KPKeTrqQ2/tDrhB1Z2qTsap/Hue0MK4o5WXg=="
    },
    "@cspell/strong-weak-map@10.0.1": {
      "integrity": "sha512-lenN1DVyPi8nJLSMSJJ670ddTjyiruLueuSZO1qLcxBqUhgxDt/mALu9N/1m6WdOVcg6m/5cLiZVg2KOo2UzRw=="
    },
    "@cspell/url@10.0.1": {
      "integrity": "sha512-abYYgI29wJhWIfWTYrYuzRYDcHQUQ1N5ylnhxYn1NJnIQMqUWGLbDmt12JABtZ+R6h6UNatQrS7rhP86etvJyQ=="
    },
    "@simple-libs/child-process-utils@2.0.0": {
      "integrity": "sha512-dvNoRKLijXnD0XoJAz94pbNuB5GQgDr55UhpSPhffDkTT0Cmcqh9jSCOtwfT2d4H6MI9E7c4SgtMuJXZ6F3c6A==",
      "dependencies": [
        "@simple-libs/stream-utils"
      ]
    },
    "@simple-libs/hosted-git-info@2.0.0": {
      "integrity": "sha512-55XwK/GYgV58PuN8lZFhI1qRxdKoMLJocXl/yM1EPqazFDmM4QWY7q6BxPCPDNKTNunj794DSD4h0H7SrqUdMg=="
    },
    "@simple-libs/normalize-package-data@1.0.0": {
      "integrity": "sha512-/EOmFBekV9tGee8gac/k+5Ox3twkypNqh5TfxA9vTkmcJkjm6f1xqrlstDNOrEhTvnYyVtU6Du2ZhY/IV1+9GA==",
      "dependencies": [
        "@simple-libs/hosted-git-info",
        "semver"
      ]
    },
    "@simple-libs/stream-utils@2.0.0": {
      "integrity": "sha512-fCTuZK4QBa+39Oz9l4OGfJfz+GpwCp3AqO7Zch3to99xHPgstVsRFpeQ8LNd2o1Gv8raL2mCFwiaHh7bFSp5DQ=="
    },
    "@types/node@26.1.1": {
      "integrity": "sha512-nxAkRSVkN1Y0JC1W8ky/fTfkGsMmcrRsbx+3XoZE+rMOX71kLYTV7fLXpqud1GpbpP5TuffXFqfX7fH2GgZREw==",
      "dependencies": [
        "undici-types"
      ]
    },
    "@typescript/typescript-aix-ppc64@7.0.2": {
      "integrity": "sha512-MTKKkWB7p/0E9xi1d1tHtZ5PiLkGEMIq88pK2CubZjOsLtYTLqhgIgi6zepFa+9GHZ6h05NMCkQxGKiPXMxXtQ==",
      "os": ["aix"],
      "cpu": ["ppc64"]
    },
    "@typescript/typescript-darwin-arm64@7.0.2": {
      "integrity": "sha512-gowzar9MwS/aRWp6f3a4KUqzRjAZjOsmGNCM6LcTgXum+dBfgsBVMN+AgvOCCbguXyick6LJhpBszxMebJ8syA==",
      "os": ["darwin"],
      "cpu": ["arm64"]
    },
    "@typescript/typescript-darwin-x64@7.0.2": {
      "integrity": "sha512-SZ9xZInqApNlNGc9s0W1VSsktYSOe9cFqNOIqmN1Gs8SmkjKZYFt017G4VwPxASInODuAdbTW7sXiFUf893RgA==",
      "os": ["darwin"],
      "cpu": ["x64"]
    },
    "@typescript/typescript-freebsd-arm64@7.0.2": {
      "integrity": "sha512-W5NH4y/J0plIIS5b2xvTEkU7JFxyqdMAOgf+Ilhl0vHQXKO5dZoxd+C/jEtq56c4F3wk71RB4BMRQ2XdI+bwYQ==",
      "os": ["freebsd"],
      "cpu": ["arm64"]
    },
    "@typescript/typescript-freebsd-x64@7.0.2": {
      "integrity": "sha512-UMGDx5sTpzNw3WiPebH7l90IWfJggEd+egHt/q6p7/Cm3zqoV7VxkGXt+3DxPIw8CcmvAB0j3sVVfbhX+M4Tpw==",
      "os": ["freebsd"],
      "cpu": ["x64"]
    },
    "@typescript/typescript-linux-arm64@7.0.2": {
      "integrity": "sha512-Qh4eU4/y3yDjnfjjyPYihMj5/ODIlmt+Bzu17OI+fiSRDW57QmU5SiN63exPRNJPKUzcc1INa1NXdrJ+MqHjUQ==",
      "os": ["linux"],
      "cpu": ["arm64"]
    },
    "@typescript/typescript-linux-arm@7.0.2": {
      "integrity": "sha512-gffT3xPz9sR7j/YJExkyPntrI0P2EP9XbOyWzth2/Gs0RstK+90RBcO0ncXoXy/beYll1SXw846Nf2zdnEz0QQ==",
      "os": ["linux"],
      "cpu": ["arm"]
    },
    "@typescript/typescript-linux-loong64@7.0.2": {
      "integrity": "sha512-uEHck9i8hoAzXPiYRib1O7miOnz23SxIeVl6F4LXox+qov1K35jHcEW6VHKvZI+pyvl7fZEP4MCU5LYvIq1GuQ==",
      "os": ["linux"],
      "cpu": ["loong64"]
    },
    "@typescript/typescript-linux-mips64el@7.0.2": {
      "integrity": "sha512-R4KvAMnE43W5Qeqb0Ly56O3mWMWIAgsMyz36DCaycd5nbg/9kzm0liw3JocfRqyJY0KPmzFjbswozXyW0DnIYA==",
      "os": ["linux"],
      "cpu": ["mips64el"]
    },
    "@typescript/typescript-linux-ppc64@7.0.2": {
      "integrity": "sha512-DORx5b3sd/4S7eayxm4FQv+A7CrkUIGRaHiwI8oiHTAI1fAPWhF4J0vAlkC8biAlHSVVwxMQ3tjZ2/DVbnQiiA==",
      "os": ["linux"],
      "cpu": ["ppc64"]
    },
    "@typescript/typescript-linux-riscv64@7.0.2": {
      "integrity": "sha512-wf0jqEDOjrPRnKwYRyyJDRo11KMbvMFrU+q4zqKyChODBzvlkbhNQfKvLxQCcwTpdDaXSHZTVuh0JoCrKCUMHQ==",
      "os": ["linux"],
      "cpu": ["riscv64"]
    },
    "@typescript/typescript-linux-s390x@7.0.2": {
      "integrity": "sha512-IkwJc3L7yhytWd/ewjyxNDfOmswCm9GWMJT/ue/dU4aZNbwZeYAetq42VyLmsmSjvoX7z74X6ZaYCtzAr0EuGw==",
      "os": ["linux"],
      "cpu": ["s390x"]
    },
    "@typescript/typescript-linux-x64@7.0.2": {
      "integrity": "sha512-EYdf2cNg7rgCWJnxCdJ+F3V39O8ihb37eHAu1LK8oAFizgTQbPOK7zHHXbPt8rX24COqODXeI3sIf0fCXG7H/A==",
      "os": ["linux"],
      "cpu": ["x64"]
    },
    "@typescript/typescript-netbsd-arm64@7.0.2": {
      "integrity": "sha512-+polYF4MF04aPpO5FTkHran9yUQDSXqy5GiSDKpsll5jy3l3+g9QLhpf39T+ePtefhXLOGrLl0QIjkQP6VnelA==",
      "os": ["netbsd"],
      "cpu": ["arm64"]
    },
    "@typescript/typescript-netbsd-x64@7.0.2": {
      "integrity": "sha512-8YIT0EHM/3dq10ZOVF/A7pc/YSMtbcecct4rWtexrnSCHOPcpC2KTLXfTCR6vDpnSiY12heNb1GiN/wu+T/FyA==",
      "os": ["netbsd"],
      "cpu": ["x64"]
    },
    "@typescript/typescript-openbsd-arm64@7.0.2": {
      "integrity": "sha512-APT8+ClYnuYm1u9+kgGXoMj2VzWzcymwh2gNSQVySHfkRDGOTVkoWLjCmOQSaO+PoqQ57B0flRp9SA+7GnnkzQ==",
      "os": ["openbsd"],
      "cpu": ["arm64"]
    },
    "@typescript/typescript-openbsd-x64@7.0.2": {
      "integrity": "sha512-yX7s+Q0Dln0Dt9tEzZsAjXXR/+ytBM7AlglaqyeMPxQszJ1JhlJdZ6jLA+IzldHtflX81em7lDao1xXu+aRRkg==",
      "os": ["openbsd"],
      "cpu": ["x64"]
    },
    "@typescript/typescript-sunos-x64@7.0.2": {
      "integrity": "sha512-dLJDGaLZ1D4HPQn62u1n8mBDkJREwMsAkCdkwd4Ieqw+x3TUyTsqY0YiBCtE6H6OzzgGk3iuZ3vFWRS+E8/d1g==",
      "os": ["sunos"],
      "cpu": ["x64"]
    },
    "@typescript/typescript-win32-arm64@7.0.2": {
      "integrity": "sha512-Gyl1Vy6OsWesLzmq+EP0Fb7b4Nid5232AvcA2SFcdYreldpNtYFFofPjnt62y9hQy7VTaZp65ICJjuAQRaVcIQ==",
      "os": ["win32"],
      "cpu": ["arm64"]
    },
    "@typescript/typescript-win32-x64@7.0.2": {
      "integrity": "sha512-0BQ3HkAHHlKLSp1qRvf3SUhGpGsDuhB/jgFw75guyqbxJqEaS0Cw/VFO8i2nHglJUzQCRtMMR/IBAKE3ETMC4g==",
      "os": ["win32"],
      "cpu": ["x64"]
    },
    "ajv@8.20.0": {
      "integrity": "sha512-Thbli+OlOj+iMPYFBVBfJ3OmCAnaSyNn4M1vz9T6Gka5Jt9ba/HIR56joy65tY6kx/FCF5VXNB819Y7/GUrBGA==",
      "dependencies": [
        "fast-deep-equal",
        "fast-uri",
        "json-schema-traverse",
        "require-from-string"
      ]
    },
    "ansi-regex@6.2.2": {
      "integrity": "sha512-Bq3SmSpyFHaWjPk8If9yc6svM8c56dB5BAtW4Qbw5jHTwwXXcTLoRMkpDJp6VL0XzlWaCHTXrkFURMYmD0sLqg=="
    },
    "ansi-styles@6.2.3": {
      "integrity": "sha512-4Dj6M28JB+oAH8kFkTLUo+a2jwOFkuqb3yucU0CANcRRUbxS0cP0nZYCGjcc3BNXwRIsUVmDGgzawme7zvJHvg=="
    },
    "argparse@2.0.1": {
      "integrity": "sha512-8+9WqebbFzpX9OR+Wa6O29asIogeRMzcGtAINdpMHHyAg10f05aSFVBbcEqGf/PXw1EjAZ+q2/bEBg3DvurK3Q=="
    },
    "argue-cli@3.1.0": {
      "integrity": "sha512-DhBpBfXL4SS2uC0N922MMajKR3CdrTG0u2or1PNYgXMsrSzViJrbtvT0nCLlLGUI0plam/ZZCs7aAauHtW9thw=="
    },
    "array-timsort@1.0.3": {
      "integrity": "sha512-/+3GRL7dDAGEfM6TseQk/U+mi18TU2Ms9I3UlLdUMhz2hbvGNTKdj9xniwXfUqgYhHxRx0+8UnKkvlNwVU+cWQ=="
    },
    "callsites@3.1.0": {
      "integrity": "sha512-P8BjAsXvZS+VIDUI11hHCQEv74YT67YUi5JJFNWIqL235sBmjX4+qx9Muvls5ivyNENctx46xQLQ3aTuE7ssaQ=="
    },
    "chalk-template@1.1.2": {
      "integrity": "sha512-2bxTP2yUH7AJj/VAXfcA+4IcWGdQ87HwBANLt5XxGTeomo8yG0y95N1um9i5StvhT/Bl0/2cARA5v1PpPXUxUA==",
      "dependencies": [
        "chalk"
      ]
    },
    "chalk@5.6.2": {
      "integrity": "sha512-7NzBL0rN6fMUW+f7A6Io4h40qQlG+xGmtMxfbnH/K7TAtt8JQWVQK+6g0UXKMeVJoyV5EkkNsErQ8pVD3bLHbA=="
    },
    "cliui@9.0.1": {
      "integrity": "sha512-k7ndgKhwoQveBL+/1tqGJYNz097I7WOvwbmmU2AR5+magtbjPWQTS1C5vzGkBC8Ym8UWRzfKUzUUqFLypY4Q+w==",
      "dependencies": [
        "string-width",
        "strip-ansi",
        "wrap-ansi"
      ]
    },
    "commander@14.0.3": {
      "integrity": "sha512-H+y0Jo/T1RZ9qPP4Eh1pkcQcLRglraJaSLoyOtHxu6AapkjWVCy2Sit1QQ4x3Dng8qDlSsZEet7g5Pq06MvTgw=="
    },
    "comment-json@5.0.0": {
      "integrity": "sha512-uiqLcOiVDJtBP8WGkZHEP+FZIhTzP1dxvn59EfoYUi9gqupjrBWVQkO2atDrbnKPwLeotFYDsuNb26uBMqB+hw==",
      "dependencies": [
        "array-timsort",
        "esprima"
      ]
    },
    "conventional-changelog-angular@9.2.1": {
      "integrity": "sha512-oWSL6ZhnXbYraOFTK3PgRAQJ8fADDAEv5K6AdeyQPLvjFmhG8+ejL0jZZp/R7vTmGJaBvZEE+sE7dB4bCv7sAw==",
      "dependencies": [
        "@conventional-changelog/template"
      ]
    },
    "conventional-changelog-conventionalcommits@10.2.1": {
      "integrity": "sha512-n4Kr1HFMTf3iMbES0TMxKIcYtUUv4rKqyQQp2JwfOEfFCOfGT3Tq4mCyJ8S9/YPyWhydjfKrrvnyl+gCjA+mJQ==",
      "dependencies": [
        "@conventional-changelog/template"
      ]
    },
    "conventional-changelog-preset-loader@6.0.1": {
      "integrity": "sha512-GZ8E3RQzXQb3JFy0pKl8oeSf7ENIhvAMvJr+PlWkavZOesLHHdhkfNJ4SvW35eo1Fu2+EyVxWQ1tVvtzAG2iWg=="
    },
    "conventional-changelog-writer@9.2.0": {
      "integrity": "sha512-eACD5BaAQCYjeI3RExkCZopNaaIuXzCP4kaAb2lEFXcGa/KOuxJfj8v/SnjhvF6377pYn0A2Gji+6GhwUK8rEA==",
      "dependencies": [
        "@conventional-changelog/template",
        "@simple-libs/stream-utils",
        "argue-cli",
        "conventional-commits-filter",
        "semver"
      ],
      "bin": true
    },
    "conventional-changelog@8.1.0": {
      "integrity": "sha512-idt1JK+3+Nt7gqH/d/sEYWdDeR+5XPov/jssmFN6XxmYSRlonTWSDWhWUPkmm0zbwYjtVdt+4My5aiPkKyvocw==",
      "dependencies": [
        "@conventional-changelog/git-client",
        "@simple-libs/hosted-git-info",
        "@simple-libs/normalize-package-data",
        "argue-cli",
        "conventional-changelog-preset-loader",
        "conventional-changelog-writer",
        "conventional-commits-parser",
        "fd-package-json"
      ],
      "bin": true
    },
    "conventional-commits-filter@6.0.1": {
      "integrity": "sha512-cs+LadpH7Kpw0M3k8wurk+sOVVDAENA0iK4OBOrkL94j5lEVYRJ4j3zd2bhY9qgzyrPqthdcYT3axzRN7AliMg=="
    },
    "conventional-commits-parser@7.1.0": {
      "integrity": "sha512-DPp6hkUjvwIivxbkrTiLXeRswNv1A/4GFA2X6scXma0AMa9632V3TwxmrlkUIEtUktiM3Ln+RrSH2xlP3/jUTw==",
      "dependencies": [
        "@simple-libs/stream-utils",
        "argue-cli"
      ],
      "bin": true
    },
    "cosmiconfig-typescript-loader@6.3.0_cosmiconfig@9.0.2__typescript@7.0.2_typescript@7.0.2": {
      "integrity": "sha512-Akr82WH1Wfqatyiqpj8HDkO2o2KmJRu1FhKfSNJP3K4IdXwHfEyL7MOb62i1AGQVLtIQM+iCE9CGOtrfhR+mmA==",
      "dependencies": [
        "@types/node",
        "cosmiconfig",
        "jiti",
        "typescript"
      ]
    },
    "cosmiconfig@9.0.2_typescript@7.0.2": {
      "integrity": "sha512-gtTZxTDau1wL7Y7zifc2dd8jHSK/k6BTx/2Xp/BpdlAdnlYWFVt7qhJqgwi7637yRwRQ3qL4ZidbB4I8tA5VOg==",
      "dependencies": [
        "env-paths@2.2.1",
        "import-fresh@3.3.1",
        "js-yaml",
        "parse-json",
        "typescript"
      ],
      "optionalPeers": [
        "typescript"
      ]
    },
    "cspell-config-lib@10.0.1": {
      "integrity": "sha512-hMpo/0j6k7pbiqrLDOLJKD2IGP9XwhjKf2miiM6p84Xeo4nyuFZaxxDCQ68R851HSYFrrdltgpoipMbj1h2Tnw==",
      "dependencies": [
        "@cspell/cspell-types",
        "comment-json",
        "smol-toml",
        "yaml"
      ]
    },
    "cspell-dictionary@10.0.1": {
      "integrity": "sha512-3cZ659vgsZWkzGQJR/sNqGDVt/OnvTSieLKI76V++4t1bHJfochb9ZrrwsuMsb1VPGiyqClUP1/O6WrefF/FVg==",
      "dependencies": [
        "@cspell/cspell-performance-monitor",
        "@cspell/cspell-pipe",
        "@cspell/cspell-types",
        "cspell-trie-lib",
        "fast-equals"
      ]
    },
    "cspell-gitignore@10.0.1": {
      "integrity": "sha512-wN23U61Mx6qPJN3CesOmBU9vnbJ0jQm/ylK0iaVui3CcnO7Zzl5qLu5mPHUzGQGm8yso6qjyxqo16Ho7LpZGOQ==",
      "dependencies": [
        "@cspell/url",
        "cspell-glob",
        "cspell-io"
      ],
      "bin": true
    },
    "cspell-glob@10.0.1": {
      "integrity": "sha512-7bII9J3aSSpZDwhx7w+zfQXbMxHZQ3be0ilUp5bHrsjz6o07v/NqOHMGcwKdPn1sw2dxDz9sv057xE5pqXnSdw==",
      "dependencies": [
        "@cspell/url",
        "picomatch"
      ]
    },
    "cspell-grammar@10.0.1": {
      "integrity": "sha512-xC9AFYmaI9wsO//a7S5tdDGKGJVD5UEEsTg+Up2fi7lPfXIryisYmV6tePNL1SEg0idYss4ja8LUZ3Mib09BjQ==",
      "dependencies": [
        "@cspell/cspell-pipe",
        "@cspell/cspell-types"
      ],
      "bin": true
    },
    "cspell-io@10.0.1": {
      "integrity": "sha512-8C2ka07faxflnaqEBO3pektS21XViE/SEHT7F5ZD1ou7FyMR5u3xawTBJSczClfsxLt/WYeztBYrpmGAjmjksw==",
      "dependencies": [
        "@cspell/cspell-service-bus",
        "@cspell/url"
      ]
    },
    "cspell-lib@10.0.1": {
      "integrity": "sha512-RpsIPiLzc4/YMW8BMRKpyJ81x439qjYWcqgdKeXnMkbKM88J9PexzutfFf/4v97v96KzfNitEzMpbI0uj8OeUg==",
      "dependencies": [
        "@cspell/cspell-bundled-dicts",
        "@cspell/cspell-performance-monitor",
        "@cspell/cspell-pipe",
        "@cspell/cspell-resolver",
        "@cspell/cspell-types",
        "@cspell/dynamic-import",
        "@cspell/filetypes",
        "@cspell/rpc",
        "@cspell/strong-weak-map",
        "@cspell/url",
        "cspell-config-lib",
        "cspell-dictionary",
        "cspell-glob",
        "cspell-grammar",
        "cspell-io",
        "cspell-trie-lib",
        "env-paths@4.0.0",
        "gensequence",
        "import-fresh@4.0.0",
        "resolve-from@5.0.0",
        "vscode-languageserver-textdocument",
        "vscode-uri",
        "xdg-basedir"
      ]
    },
    "cspell-trie-lib@10.0.1_@cspell+cspell-types@10.0.1": {
      "integrity": "sha512-BFvhalSkRQFjKrZ//FKK7fRGrZFpifnxB5AwCkzsIsBZqicsfafcQ1xP21qpb0QqyV/IomjNgviG+tRJs+0rMw==",
      "dependencies": [
        "@cspell/cspell-types"
      ]
    },
    "cspell@10.0.1": {
      "integrity": "sha512-Gg6w/flT3fKfl3la62hfTnhtNnDQ+9mU7kUhVqw/axl/Ms4oENw0oJMkWFIoj4f6nL/SDPz7KcPXd2XbkKFNmQ==",
      "dependencies": [
        "@cspell/cspell-json-reporter",
        "@cspell/cspell-performance-monitor",
        "@cspell/cspell-pipe",
        "@cspell/cspell-types",
        "@cspell/cspell-worker",
        "@cspell/dynamic-import",
        "@cspell/url",
        "ansi-regex",
        "chalk",
        "chalk-template",
        "commander",
        "cspell-config-lib",
        "cspell-dictionary",
        "cspell-gitignore",
        "cspell-glob",
        "cspell-io",
        "cspell-lib",
        "fast-json-stable-stringify",
        "flatted",
        "semver",
        "tinyglobby"
      ],
      "bin": true
    },
    "emoji-regex@10.6.0": {
      "integrity": "sha512-toUI84YS5YmxW219erniWD0CIVOo46xGKColeNQRgOzDorgBi1v4D71/OFzgD9GO2UGKIv1C3Sp8DAn0+j5w7A=="
    },
    "env-paths@2.2.1": {
      "integrity": "sha512-+h1lkLKhZMTYjog1VEpJNG7NZJWcuc2DDk/qsqSTRRCOXiLjeQ1d1/udrUGhqMxUgAlwKNZ0cf2uqan5GLuS2A=="
    },
    "env-paths@4.0.0": {
      "integrity": "sha512-pxP8eL2SwwaTRi/KHYwLYXinDs7gL3jxFcBYmEdYfZmZXbaVDvdppd0XBU8qVz03rDfKZMXg1omHCbsJjZrMsw==",
      "dependencies": [
        "is-safe-filename"
      ]
    },
    "error-ex@1.3.4": {
      "integrity": "sha512-sqQamAnR14VgCr1A618A3sGrygcpK+HEbenA/HiEAkkUwcZIIB/tgWqHFxWgOyDh4nB4JCRimh79dR5Ywc9MDQ==",
      "dependencies": [
        "is-arrayish"
      ]
    },
    "es-toolkit@1.49.0": {
      "integrity": "sha512-G5iZ6Pc/FNRY/soKZHC+TxGDD83rHUDXxzaWhGCX44vAv/tMs56WMusnm/KMNK+luUPsgA9U28cGr4RDlSzL2g=="
    },
    "escalade@3.2.0": {
      "integrity": "sha512-WUj2qlxaQtO4g6Pq5c29GTcWGDyd8itL8zTlipgECz3JesAiiOKotd8JU6otB3PACgG6xkJUyVhboMS+bje/jA=="
    },
    "esprima@4.0.1": {
      "integrity": "sha512-eGuFFw7Upda+g4p+QHvnW0RyTX/SVeJBDM/gCtMARO0cLuT2HcEKnTPvhjV6aGeqrCB/sbNop0Kszm0jsaWU4A==",
      "bin": true
    },
    "fast-deep-equal@3.1.3": {
      "integrity": "sha512-f3qQ9oQy9j2AhBe/H9VC91wLmKBCCU/gDOnKNAYG5hswO7BLKj09Hc5HYNz9cGI++xlpDCIgDaitVs03ATR84Q=="
    },
    "fast-equals@6.0.2": {
      "integrity": "sha512-sAjhj9ZhOxYCGiNMnZLaucOqf5ZeFnHNoKoAZiD9thhJ0N8RP85qJK759/97C/3L7NzzmGVB5uiX9AUpySZmUQ=="
    },
    "fast-json-stable-stringify@2.1.0": {
      "integrity": "sha512-lhd/wF+Lk98HZoTCtlVraHtfh5XYijIjalXck7saUtuanSDyLMxnHhSXEDJqHxD7msR8D0uCmqlkwjCV8xvwHw=="
    },
    "fast-uri@3.1.4": {
      "integrity": "sha512-8JnbkQ4juDyvYs4mgFGQqg4yCYtFDtUtmp2QIQq11ZZe5CFQ5wcqm1rqDgAh/QdMySuBnPzMUiJUNZG5N/AiQw=="
    },
    "fd-package-json@2.0.0": {
      "integrity": "sha512-jKmm9YtsNXN789RS/0mSzOC1NUq9mkVd65vbSSVsKdjGvYXBuE4oWe2QOEoFeRmJg+lPuZxpmrfFclNhoRMneQ==",
      "dependencies": [
        "walk-up-path"
      ]
    },
    "fdir@6.5.0_picomatch@4.0.5": {
      "integrity": "sha512-tIbYtZbucOs0BRGqPJkshJUYdL+SDH7dVM8gjy+ERp3WAUjLEFJE+02kanyHtwjWOnwrKYBiwAmM0p4kLJAnXg==",
      "dependencies": [
        "picomatch"
      ],
      "optionalPeers": [
        "picomatch"
      ]
    },
    "flatted@3.4.2": {
      "integrity": "sha512-PjDse7RzhcPkIJwy5t7KPWQSZ9cAbzQXcafsetQoD7sOJRQlGikNbx7yZp2OotDnJyrDcbyRq3Ttb18iYOqkxA=="
    },
    "gensequence@8.0.8": {
      "integrity": "sha512-omMVniXEXpdx/vKxGnPRoO2394Otlze28TyxECbFVyoSpZ9H3EO7lemjcB12OpQJzRW4e5tt/dL1rOxry6aMHg=="
    },
    "get-caller-file@2.0.5": {
      "integrity": "sha512-DyFP3BM/3YHTQOCUL/w0OZHR0lpKeGrxotcHWcqNEdnltqFwXVfhEBQ94eIo34AfQpo0rGki4cyIiftY06h2Fg=="
    },
    "get-east-asian-width@1.6.0": {
      "integrity": "sha512-QRbvDIbx6YklUe6RxeTeleMR0yv3cYH6PsPZHcnVn7xv7zO1BHN8r0XETu8n6Ye3Q+ahtSarc3WgtNWmehIBfA=="
    },
    "global-directory@5.0.0": {
      "integrity": "sha512-1pgFdhK3J2LeM+dVf2Pd424yHx2ou338lC0ErNP2hPx4j8eW1Sp0XqSjNxtk6Tc4Kr5wlWtSvz8cn2yb7/SG/w==",
      "dependencies": [
        "ini"
      ]
    },
    "import-fresh@3.3.1": {
      "integrity": "sha512-TR3KfrTZTYLPB6jUjfx6MF9WcWrHL9su5TObK4ZkYgBdWKPOFoSoQIdEuTuR82pmtxH2spWG9h6etwfr1pLBqQ==",
      "dependencies": [
        "parent-module",
        "resolve-from@4.0.0"
      ]
    },
    "import-fresh@4.0.0": {
      "integrity": "sha512-Fpi660c7VPDM3fPKYovStd9IP1CPOikf6v/dGxJJMmHPcwYQIMJ4W7kO1avBYEpMqkCh+Dx3Ln6H7VYqgztLjw=="
    },
    "import-meta-resolve@4.2.0": {
      "integrity": "sha512-Iqv2fzaTQN28s/FwZAoFq0ZSs/7hMAHJVX+w8PZl3cY19Pxk6jFFalxQoIfW2826i/fDLXv8IiEZRIT0lDuWcg=="
    },
    "ini@6.0.0": {
      "integrity": "sha512-IBTdIkzZNOpqm7q3dRqJvMaldXjDHWkEDfrwGEQTs5eaQMWV+djAhR+wahyNNMAa+qpbDUhBMVt4ZKNwpPm7xQ=="
    },
    "is-arrayish@0.2.1": {
      "integrity": "sha512-zz06S8t0ozoDXMG+ube26zeCTNXcKIPJZJi8hBrF4idCLms4CG9QtK7qBl1boi5ODzFpjswb5JPmHCbMpjaYzg=="
    },
    "is-plain-obj@4.1.0": {
      "integrity": "sha512-+Pgi+vMuUNkJyExiMBt5IlFoMyKnr5zhJ4Uspz58WOhBF5QoIZkFyNHIbBAtHwzVAgk5RtndVNsDRN61/mmDqg=="
    },
    "is-safe-filename@0.1.1": {
      "integrity": "sha512-4SrR7AdnY11LHfDKTZY1u6Ga3RuxZdl3YKWWShO5iyuG5h8QS4GD2tOb04peBJ5I7pXbR+CGBNEhTcwK+FzN3g=="
    },
    "jiti@2.6.1": {
      "integrity": "sha512-ekilCSN1jwRvIbgeg/57YFh8qQDNbwDb9xT/qu2DAHbFFZUicIl4ygVaAvzveMhMVr3LnpSKTNnwt8PoOfmKhQ==",
      "bin": true
    },
    "js-tokens@4.0.0": {
      "integrity": "sha512-RdJUflcE3cUzKiMqQgsCu06FPu9UdIJO0beYbPhHN4k6apgJtifcoCtT9bcxOpYBtpD2kCM6Sbzg4CausW/PKQ=="
    },
    "js-yaml@4.3.0": {
      "integrity": "sha512-1td788aAnnZ5qs7V2QIRl1owjtYpbKt749Y3xauqQgwIIGF/xXWz1wMTEBx5O3LK3lXLVuqXPdPxj2BoFHaW9Q==",
      "dependencies": [
        "argparse"
      ],
      "bin": true
    },
    "json-parse-even-better-errors@2.3.1": {
      "integrity": "sha512-xyFwyhro/JEof6Ghe2iz2NcXoj2sloNsWr/XsERDK/oiPCfaNhl5ONfp+jQdAZRQQ0IJWNzH9zIZF7li91kh2w=="
    },
    "json-schema-traverse@1.0.0": {
      "integrity": "sha512-NM8/P9n3XjXhIZn1lLhkFaACTOURQXjWhV4BA/RnOv8xvgqtqpAX9IO4mRQxSx1Rlo4tqzeqb0sOlruaOy3dug=="
    },
    "lines-and-columns@1.2.4": {
      "integrity": "sha512-7ylylesZQ/PV29jhEDl3Ufjo6ZX7gCqJr5F7PKrqc93v7fzSymt1BpwEU8nAUXs8qzzvqhbjhK5QZg6Mt/HkBg=="
    },
    "parent-module@1.0.1": {
      "integrity": "sha512-GQ2EWRpQV8/o+Aw8YqtfZZPfNRWZYkbidE9k5rpl/hC3vtHHBfGm2Ifi6qWV+coDGkrUKZAxE3Lot5kcsRlh+g==",
      "dependencies": [
        "callsites"
      ]
    },
    "parse-json@5.2.0": {
      "integrity": "sha512-ayCKvm/phCGxOkYRSCM82iDwct8/EonSEgCSxWxD7ve6jHggsFl4fZVQBPRNgQoKiuV/odhFrGzQXZwbifC8Rg==",
      "dependencies": [
        "@babel/code-frame",
        "error-ex",
        "json-parse-even-better-errors",
        "lines-and-columns"
      ]
    },
    "picocolors@1.1.1": {
      "integrity": "sha512-xceH2snhtb5M9liqDsmEw56le376mTZkEX/jEb/RxNFyegNul7eNslCXP9FDj/Lcu0X8KEyMceP2ntpaHrDEVA=="
    },
    "picomatch@4.0.5": {
      "integrity": "sha512-RvwwcruNjI1ncT5xRakeyS9Lf8lcItv34KD+aif+VH9kduAyfYBipGh12274xtenIPZ119/R9BdTBa8gAwSh0A=="
    },
    "require-from-string@2.0.2": {
      "integrity": "sha512-Xf0nWe6RseziFMu+Ap9biiUbmplq6S9/p+7w7YXP/JBHhrUDDUhwa+vANyubuqfZWTveU//DYVGsDG7RKL/vEw=="
    },
    "resolve-from@4.0.0": {
      "integrity": "sha512-pb/MYmXstAkysRFx8piNI1tGFNQIFA3vkE3Gq4EuA1dF6gHp/+vgZqsCGJapvy8N3Q+4o7FwvquPJcnZ7RYy4g=="
    },
    "resolve-from@5.0.0": {
      "integrity": "sha512-qYg9KP24dD5qka9J47d0aVky0N+b4fTU89LN9iDnjB5waksiC49rvMB0PrUJQGoTmH50XPiqOvAjDfaijGxYZw=="
    },
    "semver@7.8.5": {
      "integrity": "sha512-Y7/KDsb8LjooZpwaqGyulO6DQlksgCncchHGk+sZIY4SBvUocMBEFH5Ur1fI4dV+Jvl0w6cjvucaIi40puRioA==",
      "bin": true
    },
    "smol-toml@1.7.0": {
      "integrity": "sha512-aqVvWoyO21L23mb+drl4RmMXbf6N7FdHjAhTRA9ZBL7apWBgfWC16KjrASI+1p9GAroljyMHj6fK67i0UiTNvQ=="
    },
    "string-width@7.2.0": {
      "integrity": "sha512-tsaTIkKW9b4N+AEj+SVA+WhJzV7/zMhcSu78mLKWSk7cXMOSHsBKFWUs0fWwq8QyK3MgJBQRX6Gbi4kYbdvGkQ==",
      "dependencies": [
        "emoji-regex",
        "get-east-asian-width",
        "strip-ansi"
      ]
    },
    "strip-ansi@7.2.0": {
      "integrity": "sha512-yDPMNjp4WyfYBkHnjIRLfca1i6KMyGCtsVgoKe/z1+6vukgaENdgGBZt+ZmKPc4gavvEZ5OgHfHdrazhgNyG7w==",
      "dependencies": [
        "ansi-regex"
      ]
    },
    "tinyexec@1.2.4": {
      "integrity": "sha512-SHf/r48b7vOrjve9PxJo3MN5v5yuyjHvdUcrQffT3WXMUfnGmHDVbC4k3sHJaJTgZCwpUplIaAo5ANtMyp3YHg=="
    },
    "tinyglobby@0.2.17": {
      "integrity": "sha512-wXR/dYpcqKmfWpEdZjiKJOwCNFndD0DMnrW/cYjVGttEkBfVgcLFHoNrlj47mjOVic9yyNu65alsgF4NQyTa2g==",
      "dependencies": [
        "fdir",
        "picomatch"
      ]
    },
    "typescript@7.0.2": {
      "integrity": "sha512-8FYau96o3NKOhbjKi/qNvG/W5jhzxkbdm5sj9AbZ/5T5sWqn3hJgLfGx27sRKZWTvyzCP8dLRBTf5tBTSRVUNA==",
      "optionalDependencies": [
        "@typescript/typescript-aix-ppc64",
        "@typescript/typescript-darwin-arm64",
        "@typescript/typescript-darwin-x64",
        "@typescript/typescript-freebsd-arm64",
        "@typescript/typescript-freebsd-x64",
        "@typescript/typescript-linux-arm",
        "@typescript/typescript-linux-arm64",
        "@typescript/typescript-linux-loong64",
        "@typescript/typescript-linux-mips64el",
        "@typescript/typescript-linux-ppc64",
        "@typescript/typescript-linux-riscv64",
        "@typescript/typescript-linux-s390x",
        "@typescript/typescript-linux-x64",
        "@typescript/typescript-netbsd-arm64",
        "@typescript/typescript-netbsd-x64",
        "@typescript/typescript-openbsd-arm64",
        "@typescript/typescript-openbsd-x64",
        "@typescript/typescript-sunos-x64",
        "@typescript/typescript-win32-arm64",
        "@typescript/typescript-win32-x64"
      ],
      "bin": true
    },
    "undici-types@8.3.0": {
      "integrity": "sha512-j375ScV60dom+YkPFIfTLcOiPxkN/buHz5GobjLhixFuANaNs3C9l4GmrWqejgXWJ7BbJcFYpTEUkS1Ge8bpZQ=="
    },
    "vscode-languageserver-textdocument@1.0.12": {
      "integrity": "sha512-cxWNPesCnQCcMPeenjKKsOCKQZ/L6Tv19DTRIGuLWe32lyzWhihGVJ/rcckZXJxfdKCFvRLS3fpBIsV/ZGX4zA=="
    },
    "vscode-uri@3.1.0": {
      "integrity": "sha512-/BpdSx+yCQGnCvecbyXdxHDkuk55/G3xwnC0GqY4gmQ3j+A+g8kzzgB4Nk/SINjqn6+waqw3EgbVF2QKExkRxQ=="
    },
    "walk-up-path@4.0.0": {
      "integrity": "sha512-3hu+tD8YzSLGuFYtPRb48vdhKMi0KQV5sn+uWr8+7dMEq/2G/dtLrdDinkLjqq5TIbIBjYJ4Ax/n3YiaW7QM8A=="
    },
    "wrap-ansi@9.0.2": {
      "integrity": "sha512-42AtmgqjV+X1VpdOfyTGOYRi0/zsoLqtXQckTmqTeybT+BDIbM/Guxo7x3pE2vtpr1ok6xRqM9OpBe+Jyoqyww==",
      "dependencies": [
        "ansi-styles",
        "string-width",
        "strip-ansi"
      ]
    },
    "xdg-basedir@5.1.0": {
      "integrity": "sha512-GCPAHLvrIH13+c0SuacwvRYj2SxJXQ4kaVTT5xgL3kPrz56XxkF21IGhjSE1+W0aw7gpBWRGXLCPnPby6lSpmQ=="
    },
    "y18n@5.0.8": {
      "integrity": "sha512-0pfFzegeDWJHJIAmTLRP2DwHjdF5s7jo9tuztdQxAhINCdvS+3nGINqPd00AphqJR/0LhANUS6/+7SCb98YOfA=="
    },
    "yaml@2.9.0": {
      "integrity": "sha512-2AvhNX3mb8zd6Zy7INTtSpl1F15HW6Wnqj0srWlkKLcpYl/gMIMJiyuGq2KeI2YFxUPjdlB+3Lc10seMLtL4cA==",
      "bin": true
    },
    "yargs-parser@22.0.0": {
      "integrity": "sha512-rwu/ClNdSMpkSrUb+d6BRsSkLUq1fmfsY6TOpYzTwvwkg1/NRG85KBy3kq++A8LKQwX6lsu+aWad+2khvuXrqw=="
    },
    "yargs@18.0.0": {
      "integrity": "sha512-4UEqdc2RYGHZc7Doyqkrqiln3p9X2DZVxaGbwhn2pi7MrRagKaOcIKe8L3OxYcbhXLgLFUS3zAYuQjKBQgmuNg==",
      "dependencies": [
        "cliui",
        "escalade",
        "get-caller-file",
        "string-width",
        "y18n",
        "yargs-parser"
      ]
    }
  },
  "workspace": {
    "dependencies": [
      "npm:@commitlint/cli@21.2.1",
      "npm:@commitlint/config-conventional@21.2.0",
      "npm:conventional-changelog-conventionalcommits@10.2.1",
      "npm:conventional-changelog@8.1.0",
      "npm:cspell@10.0.1",
      "npm:typescript@7.0.2",
      "npm:yaml@2.9.0"
    ]
  }
}
